
Microsoft Visual Studio Solution File, Format Version 12.00
# Visual Studio Version 17
VisualStudioVersion = 17.8.34408.163
MinimumVisualStudioVersion = 10.0.40219.1
Project("{9A19103F-16F7-4668-BE54-9A1E7A4F7556}") = "01. Single Inheritance", "01. Single Inheritance\01. Single Inheritance.csproj", "{DC0B976E-F88C-445E-A090-4657EC37CB22}"
EndProject
Project("{9A19103F-16F7-4668-BE54-9A1E7A4F7556}") = "02. Multiple Inheritance", "02. Multiple Inheritance\02. Multiple Inheritance.csproj", "{26890A3C-FFAE-4629-A377-81DBAC9C2568}"
EndProject
Project("{9A19103F-16F7-4668-BE54-9A1E7A4F7556}") = "03. Hierarchical Inheritance", "03. Hierarchical Inheritance\03. Hierarchical Inheritance.csproj", "{91A74DCB-D766-495A-9863-04BEA66D0CD5}"
EndProject
Project("{9A19103F-16F7-4668-BE54-9A1E7A4F7556}") = "05. Stack of Strings", "05. Stack of Strings\05. Stack of Strings.csproj", "{13303596-13D9-46B5-B884-5DAE36CF974A}"
EndProject
Project("{FAE04EC0-301F-11D3-BF4B-00C04F79EFBC}") = "04. Random List", "04. Random List\04. Random List.csproj", "{A2AD9317-C89B-43CD-9A5B-365F78DB83C0}"
EndProject
Global
	GlobalSection(SolutionConfigurationPlatforms) = preSolution
		Debug|Any CPU = Debug|Any CPU
		Release|Any CPU = Release|Any CPU
	EndGlobalSection
	GlobalSection(ProjectConfigurationPlatforms) = postSolution
		{DC0B976E-F88C-445E-A090-4657EC37CB22}.Debug|Any CPU.ActiveCfg = Debug|Any CPU
		{DC0B976E-F88C-445E-A090-4657EC37CB22}.Debug|Any CPU.Build.0 = Debug|Any CPU
		{DC0B976E-F88C-445E-A090-4657EC37CB22}.Release|Any CPU.ActiveCfg = Release|Any CPU
		{DC0B976E-F88C-445E-A090-4657EC37CB22}.Release|Any CPU.Build.0 = Release|Any CPU
		{26890A3C-FFAE-4629-A377-81DBAC9C2568}.Debug|Any CPU.ActiveCfg = Debug|Any CPU
		{26890A3C-FFAE-4629-A377-81DBAC9C2568}.Debug|Any CPU.Build.0 = Debug|Any CPU
		{26890A3C-FFAE-4629-A377-81DBAC9C2568}.Release|Any CPU.ActiveCfg = Release|Any CPU
		{26890A3C-FFAE-4629-A377-81DBAC9C2568}.Release|Any CPU.Build.0 = Release|Any CPU
		{91A74DCB-D766-495A-9863-04BEA66D0CD5}.Debug|Any CPU.ActiveCfg = Debug|Any CPU
		{91A74DCB-D766-495A-9863-04BEA66D0CD5}.Debug|Any CPU.Build.0 = Debug|Any CPU
		{91A74DCB-D766-495A-9863-04BEA66D0CD5}.Release|Any CPU.ActiveCfg = Release|Any CPU
		{91A74DCB-D766-495A-9863-04BEA66D0CD5}.Release|Any CPU.Build.0 = Release|Any CPU
		{13303596-13D9-46B5-B884-5DAE36CF974A}.Debug|Any CPU.ActiveCfg = Debug|Any CPU
		{13303596-13D9-46B5-B884-5DAE36CF974A}.Debug|Any CPU.Build.0 = Debug|Any CPU
		{13303596-13D9-46B5-B884-5DAE36CF974A}.Release|Any CPU.ActiveCfg = Release|Any CPU
		{13303596-13D9-46B5-B884-5DAE36CF974A}.Release|Any CPU.Build.0 = Release|Any CPU
		{A2AD9317-C89B-43CD-9A5B-365F78DB83C0}.Debug|Any CPU.ActiveCfg = Debug|Any CPU
		{A2AD9317-C89B-43CD-9A5B-365F78DB83C0}.Debug|Any CPU.Build.0 = Debug|Any CPU
		{A2AD9317-C89B-43CD-9A5B-365F78DB83C0}.Release|Any CPU.ActiveCfg = Release|Any CPU
		{A2AD9317-C89B-43CD-9A5B-365F78DB83C0}.Release|Any CPU.Build.0 = Release|Any CPU
	EndGlobalSection
	GlobalSection(SolutionProperties) = preSolution
		HideSolutionNode = FALSE
	EndGlobalSection
	GlobalSection(ExtensibilityGlobals) = postSolution
		SolutionGuid = {7C01C8A1-E294-4187-8AFC-7E47B95F2A06}
	EndGlobalSection
EndGlobal
