
Microsoft Visual Studio Solution File, Format Version 12.00
# Visual Studio Version 17
VisualStudioVersion = 17.8.34408.163
MinimumVisualStudioVersion = 10.0.40219.1
Project("{9A19103F-16F7-4668-BE54-9A1E7A4F7556}") = "01. Recursive Array Sum", "01. Recursive Array Sum\01. Recursive Array Sum.csproj", "{8107BDFE-8907-429F-B347-BC892C5BB4CA}"
EndProject
Project("{9A19103F-16F7-4668-BE54-9A1E7A4F7556}") = "02. Recursive Factorial", "02. Recursive Factorial\02. Recursive Factorial.csproj", "{2A1CF013-93F5-4E7A-AC50-3132A6208F06}"
EndProject
Project("{9A19103F-16F7-4668-BE54-9A1E7A4F7556}") = "03. Sum of Coins", "03. Sum of Coins\03. Sum of Coins.csproj", "{6848CAD8-891D-46AF-88CE-0220F8F8AAC8}"
EndProject
Project("{FAE04EC0-301F-11D3-BF4B-00C04F79EFBC}") = "05. Merge Sort", "05. Merge Sort\05. Merge Sort.csproj", "{2463B2A0-63ED-4EC4-9C91-504C2325C812}"
EndProject
Global
	GlobalSection(SolutionConfigurationPlatforms) = preSolution
		Debug|Any CPU = Debug|Any CPU
		Release|Any CPU = Release|Any CPU
	EndGlobalSection
	GlobalSection(ProjectConfigurationPlatforms) = postSolution
		{8107BDFE-8907-429F-B347-BC892C5BB4CA}.Debug|Any CPU.ActiveCfg = Debug|Any CPU
		{8107BDFE-8907-429F-B347-BC892C5BB4CA}.Debug|Any CPU.Build.0 = Debug|Any CPU
		{8107BDFE-8907-429F-B347-BC892C5BB4CA}.Release|Any CPU.ActiveCfg = Release|Any CPU
		{8107BDFE-8907-429F-B347-BC892C5BB4CA}.Release|Any CPU.Build.0 = Release|Any CPU
		{2A1CF013-93F5-4E7A-AC50-3132A6208F06}.Debug|Any CPU.ActiveCfg = Debug|Any CPU
		{2A1CF013-93F5-4E7A-AC50-3132A6208F06}.Debug|Any CPU.Build.0 = Debug|Any CPU
		{2A1CF013-93F5-4E7A-AC50-3132A6208F06}.Release|Any CPU.ActiveCfg = Release|Any CPU
		{2A1CF013-93F5-4E7A-AC50-3132A6208F06}.Release|Any CPU.Build.0 = Release|Any CPU
		{6848CAD8-891D-46AF-88CE-0220F8F8AAC8}.Debug|Any CPU.ActiveCfg = Debug|Any CPU
		{6848CAD8-891D-46AF-88CE-0220F8F8AAC8}.Debug|Any CPU.Build.0 = Debug|Any CPU
		{6848CAD8-891D-46AF-88CE-0220F8F8AAC8}.Release|Any CPU.ActiveCfg = Release|Any CPU
		{6848CAD8-891D-46AF-88CE-0220F8F8AAC8}.Release|Any CPU.Build.0 = Release|Any CPU
		{2463B2A0-63ED-4EC4-9C91-504C2325C812}.Debug|Any CPU.ActiveCfg = Debug|Any CPU
		{2463B2A0-63ED-4EC4-9C91-504C2325C812}.Debug|Any CPU.Build.0 = Debug|Any CPU
		{2463B2A0-63ED-4EC4-9C91-504C2325C812}.Release|Any CPU.ActiveCfg = Release|Any CPU
		{2463B2A0-63ED-4EC4-9C91-504C2325C812}.Release|Any CPU.Build.0 = Release|Any CPU
	EndGlobalSection
	GlobalSection(SolutionProperties) = preSolution
		HideSolutionNode = FALSE
	EndGlobalSection
	GlobalSection(ExtensibilityGlobals) = postSolution
		SolutionGuid = {CC8AF7DD-3F08-4130-A19E-E1B79D260964}
	EndGlobalSection
EndGlobal
