
Microsoft Visual Studio Solution File, Format Version 12.00
# Visual Studio Version 17
VisualStudioVersion = 17.9.34616.47
MinimumVisualStudioVersion = 10.0.40219.1
Project("{9A19103F-16F7-4668-BE54-9A1E7A4F7556}") = "01. Persons", "01. Persons\01. Persons.csproj", "{3A5B0D91-635B-4987-93F5-5CB090C33675}"
EndProject
Project("{9A19103F-16F7-4668-BE54-9A1E7A4F7556}") = "02. Salary", "02. Salary\02. Salary.csproj", "{6B62F81E-C2D2-49E1-964F-35732EE4FEC1}"
EndProject
Project("{9A19103F-16F7-4668-BE54-9A1E7A4F7556}") = "03. Validation", "03. Validation\03. Validation.csproj", "{2BDBE3F8-AA26-49F7-ADBD-4C4FCD018567}"
EndProject
Project("{FAE04EC0-301F-11D3-BF4B-00C04F79EFBC}") = "04. Team", "04. Team\04. Team.csproj", "{1200DD36-B71E-4328-9E60-B20302F91EC1}"
EndProject
Global
	GlobalSection(SolutionConfigurationPlatforms) = preSolution
		Debug|Any CPU = Debug|Any CPU
		Release|Any CPU = Release|Any CPU
	EndGlobalSection
	GlobalSection(ProjectConfigurationPlatforms) = postSolution
		{3A5B0D91-635B-4987-93F5-5CB090C33675}.Debug|Any CPU.ActiveCfg = Debug|Any CPU
		{3A5B0D91-635B-4987-93F5-5CB090C33675}.Debug|Any CPU.Build.0 = Debug|Any CPU
		{3A5B0D91-635B-4987-93F5-5CB090C33675}.Release|Any CPU.ActiveCfg = Release|Any CPU
		{3A5B0D91-635B-4987-93F5-5CB090C33675}.Release|Any CPU.Build.0 = Release|Any CPU
		{6B62F81E-C2D2-49E1-964F-35732EE4FEC1}.Debug|Any CPU.ActiveCfg = Debug|Any CPU
		{6B62F81E-C2D2-49E1-964F-35732EE4FEC1}.Debug|Any CPU.Build.0 = Debug|Any CPU
		{6B62F81E-C2D2-49E1-964F-35732EE4FEC1}.Release|Any CPU.ActiveCfg = Release|Any CPU
		{6B62F81E-C2D2-49E1-964F-35732EE4FEC1}.Release|Any CPU.Build.0 = Release|Any CPU
		{2BDBE3F8-AA26-49F7-ADBD-4C4FCD018567}.Debug|Any CPU.ActiveCfg = Debug|Any CPU
		{2BDBE3F8-AA26-49F7-ADBD-4C4FCD018567}.Debug|Any CPU.Build.0 = Debug|Any CPU
		{2BDBE3F8-AA26-49F7-ADBD-4C4FCD018567}.Release|Any CPU.ActiveCfg = Release|Any CPU
		{2BDBE3F8-AA26-49F7-ADBD-4C4FCD018567}.Release|Any CPU.Build.0 = Release|Any CPU
		{1200DD36-B71E-4328-9E60-B20302F91EC1}.Debug|Any CPU.ActiveCfg = Debug|Any CPU
		{1200DD36-B71E-4328-9E60-B20302F91EC1}.Debug|Any CPU.Build.0 = Debug|Any CPU
		{1200DD36-B71E-4328-9E60-B20302F91EC1}.Release|Any CPU.ActiveCfg = Release|Any CPU
		{1200DD36-B71E-4328-9E60-B20302F91EC1}.Release|Any CPU.Build.0 = Release|Any CPU
	EndGlobalSection
	GlobalSection(SolutionProperties) = preSolution
		HideSolutionNode = FALSE
	EndGlobalSection
	GlobalSection(ExtensibilityGlobals) = postSolution
		SolutionGuid = {B36185FF-E265-4326-8835-EB07247820ED}
	EndGlobalSection
EndGlobal
