
Microsoft Visual Studio Solution File, Format Version 12.00
# Visual Studio Version 17
VisualStudioVersion = 17.8.34408.163
MinimumVisualStudioVersion = 10.0.40219.1
Project("{9A19103F-16F7-4668-BE54-9A1E7A4F7556}") = "01. Diagonal Difference", "01. Diagonal Difference\01. Diagonal Difference.csproj", "{7E21CD61-12DF-41BA-8824-539B238EC19D}"
EndProject
Project("{9A19103F-16F7-4668-BE54-9A1E7A4F7556}") = "02. Squares in Matrix", "02. Squares in Matrix\02. Squares in Matrix.csproj", "{EF5F4CCB-A0C4-400E-A329-D34FE79878CC}"
EndProject
Project("{9A19103F-16F7-4668-BE54-9A1E7A4F7556}") = "03. Maximal Sum", "03. Maximal Sum\03. Maximal Sum.csproj", "{94C4CABA-E5FC-4158-ACFC-B71AE385604F}"
EndProject
Project("{9A19103F-16F7-4668-BE54-9A1E7A4F7556}") = "04. Matrix Shuffling", "04. Matrix Shuffling\04. Matrix Shuffling.csproj", "{42ABAA5D-09BD-4BBC-B123-5F051BFDBE74}"
EndProject
Project("{9A19103F-16F7-4668-BE54-9A1E7A4F7556}") = "05. Snake Moves", "05. Snake Moves\05. Snake Moves.csproj", "{8969F4A3-C80A-411A-B6D2-3068F2E132CA}"
EndProject
Project("{9A19103F-16F7-4668-BE54-9A1E7A4F7556}") = "06. Jagged Array Manipulator", "06. Jagged Array Manipulator\06. Jagged Array Manipulator.csproj", "{E7C0049B-96FF-4C06-B157-12DFF9E63960}"
EndProject
Project("{FAE04EC0-301F-11D3-BF4B-00C04F79EFBC}") = "07. Knight Game", "07. Knight Game\07. Knight Game.csproj", "{C8562A06-8B94-4F7D-959E-9031868C4973}"
EndProject
Global
	GlobalSection(SolutionConfigurationPlatforms) = preSolution
		Debug|Any CPU = Debug|Any CPU
		Release|Any CPU = Release|Any CPU
	EndGlobalSection
	GlobalSection(ProjectConfigurationPlatforms) = postSolution
		{7E21CD61-12DF-41BA-8824-539B238EC19D}.Debug|Any CPU.ActiveCfg = Debug|Any CPU
		{7E21CD61-12DF-41BA-8824-539B238EC19D}.Debug|Any CPU.Build.0 = Debug|Any CPU
		{7E21CD61-12DF-41BA-8824-539B238EC19D}.Release|Any CPU.ActiveCfg = Release|Any CPU
		{7E21CD61-12DF-41BA-8824-539B238EC19D}.Release|Any CPU.Build.0 = Release|Any CPU
		{EF5F4CCB-A0C4-400E-A329-D34FE79878CC}.Debug|Any CPU.ActiveCfg = Debug|Any CPU
		{EF5F4CCB-A0C4-400E-A329-D34FE79878CC}.Debug|Any CPU.Build.0 = Debug|Any CPU
		{EF5F4CCB-A0C4-400E-A329-D34FE79878CC}.Release|Any CPU.ActiveCfg = Release|Any CPU
		{EF5F4CCB-A0C4-400E-A329-D34FE79878CC}.Release|Any CPU.Build.0 = Release|Any CPU
		{94C4CABA-E5FC-4158-ACFC-B71AE385604F}.Debug|Any CPU.ActiveCfg = Debug|Any CPU
		{94C4CABA-E5FC-4158-ACFC-B71AE385604F}.Debug|Any CPU.Build.0 = Debug|Any CPU
		{94C4CABA-E5FC-4158-ACFC-B71AE385604F}.Release|Any CPU.ActiveCfg = Release|Any CPU
		{94C4CABA-E5FC-4158-ACFC-B71AE385604F}.Release|Any CPU.Build.0 = Release|Any CPU
		{42ABAA5D-09BD-4BBC-B123-5F051BFDBE74}.Debug|Any CPU.ActiveCfg = Debug|Any CPU
		{42ABAA5D-09BD-4BBC-B123-5F051BFDBE74}.Debug|Any CPU.Build.0 = Debug|Any CPU
		{42ABAA5D-09BD-4BBC-B123-5F051BFDBE74}.Release|Any CPU.ActiveCfg = Release|Any CPU
		{42ABAA5D-09BD-4BBC-B123-5F051BFDBE74}.Release|Any CPU.Build.0 = Release|Any CPU
		{8969F4A3-C80A-411A-B6D2-3068F2E132CA}.Debug|Any CPU.ActiveCfg = Debug|Any CPU
		{8969F4A3-C80A-411A-B6D2-3068F2E132CA}.Debug|Any CPU.Build.0 = Debug|Any CPU
		{8969F4A3-C80A-411A-B6D2-3068F2E132CA}.Release|Any CPU.ActiveCfg = Release|Any CPU
		{8969F4A3-C80A-411A-B6D2-3068F2E132CA}.Release|Any CPU.Build.0 = Release|Any CPU
		{E7C0049B-96FF-4C06-B157-12DFF9E63960}.Debug|Any CPU.ActiveCfg = Debug|Any CPU
		{E7C0049B-96FF-4C06-B157-12DFF9E63960}.Debug|Any CPU.Build.0 = Debug|Any CPU
		{E7C0049B-96FF-4C06-B157-12DFF9E63960}.Release|Any CPU.ActiveCfg = Release|Any CPU
		{E7C0049B-96FF-4C06-B157-12DFF9E63960}.Release|Any CPU.Build.0 = Release|Any CPU
		{C8562A06-8B94-4F7D-959E-9031868C4973}.Debug|Any CPU.ActiveCfg = Debug|Any CPU
		{C8562A06-8B94-4F7D-959E-9031868C4973}.Debug|Any CPU.Build.0 = Debug|Any CPU
		{C8562A06-8B94-4F7D-959E-9031868C4973}.Release|Any CPU.ActiveCfg = Release|Any CPU
		{C8562A06-8B94-4F7D-959E-9031868C4973}.Release|Any CPU.Build.0 = Release|Any CPU
	EndGlobalSection
	GlobalSection(SolutionProperties) = preSolution
		HideSolutionNode = FALSE
	EndGlobalSection
	GlobalSection(ExtensibilityGlobals) = postSolution
		SolutionGuid = {2968E5EE-67DB-4A5E-9D41-118F00AF92B7}
	EndGlobalSection
EndGlobal
