
Microsoft Visual Studio Solution File, Format Version 12.00
# Visual Studio Version 17
VisualStudioVersion = 17.6.33712.159
MinimumVisualStudioVersion = 10.0.40219.1
Project("{FAE04EC0-301F-11D3-BF4B-00C04F79EFBC}") = "01. Reverse Strings", "01. Reverse Strings\01. Reverse Strings.csproj", "{73B4CC8F-305B-47DA-8C25-CAC5D86CF14C}"
EndProject
Project("{FAE04EC0-301F-11D3-BF4B-00C04F79EFBC}") = "02. Repeat Strings", "02. Repeat Strings\02. Repeat Strings.csproj", "{037B9945-E5E0-445B-BC47-8CC34F0EE978}"
EndProject
Project("{FAE04EC0-301F-11D3-BF4B-00C04F79EFBC}") = "03. SubString", "03. SubString\03. SubString.csproj", "{5D4941AB-4A7F-483B-BC3C-D9371A2E800A}"
EndProject
Project("{FAE04EC0-301F-11D3-BF4B-00C04F79EFBC}") = "04. Text Filter", "04. Text Filter\04. Text Filter.csproj", "{1F906DFD-9758-4664-9139-98527ECC3604}"
EndProject
Project("{FAE04EC0-301F-11D3-BF4B-00C04F79EFBC}") = "5. Digits, Letters and Others", "5. Digits, Letters and Others\5. Digits, Letters and Others.csproj", "{B47ACCBC-8DF8-4F24-BDCE-6BC012EBC094}"
EndProject
Global
	GlobalSection(SolutionConfigurationPlatforms) = preSolution
		Debug|Any CPU = Debug|Any CPU
		Release|Any CPU = Release|Any CPU
	EndGlobalSection
	GlobalSection(ProjectConfigurationPlatforms) = postSolution
		{73B4CC8F-305B-47DA-8C25-CAC5D86CF14C}.Debug|Any CPU.ActiveCfg = Debug|Any CPU
		{73B4CC8F-305B-47DA-8C25-CAC5D86CF14C}.Debug|Any CPU.Build.0 = Debug|Any CPU
		{73B4CC8F-305B-47DA-8C25-CAC5D86CF14C}.Release|Any CPU.ActiveCfg = Release|Any CPU
		{73B4CC8F-305B-47DA-8C25-CAC5D86CF14C}.Release|Any CPU.Build.0 = Release|Any CPU
		{037B9945-E5E0-445B-BC47-8CC34F0EE978}.Debug|Any CPU.ActiveCfg = Debug|Any CPU
		{037B9945-E5E0-445B-BC47-8CC34F0EE978}.Debug|Any CPU.Build.0 = Debug|Any CPU
		{037B9945-E5E0-445B-BC47-8CC34F0EE978}.Release|Any CPU.ActiveCfg = Release|Any CPU
		{037B9945-E5E0-445B-BC47-8CC34F0EE978}.Release|Any CPU.Build.0 = Release|Any CPU
		{5D4941AB-4A7F-483B-BC3C-D9371A2E800A}.Debug|Any CPU.ActiveCfg = Debug|Any CPU
		{5D4941AB-4A7F-483B-BC3C-D9371A2E800A}.Debug|Any CPU.Build.0 = Debug|Any CPU
		{5D4941AB-4A7F-483B-BC3C-D9371A2E800A}.Release|Any CPU.ActiveCfg = Release|Any CPU
		{5D4941AB-4A7F-483B-BC3C-D9371A2E800A}.Release|Any CPU.Build.0 = Release|Any CPU
		{1F906DFD-9758-4664-9139-98527ECC3604}.Debug|Any CPU.ActiveCfg = Debug|Any CPU
		{1F906DFD-9758-4664-9139-98527ECC3604}.Debug|Any CPU.Build.0 = Debug|Any CPU
		{1F906DFD-9758-4664-9139-98527ECC3604}.Release|Any CPU.ActiveCfg = Release|Any CPU
		{1F906DFD-9758-4664-9139-98527ECC3604}.Release|Any CPU.Build.0 = Release|Any CPU
		{B47ACCBC-8DF8-4F24-BDCE-6BC012EBC094}.Debug|Any CPU.ActiveCfg = Debug|Any CPU
		{B47ACCBC-8DF8-4F24-BDCE-6BC012EBC094}.Debug|Any CPU.Build.0 = Debug|Any CPU
		{B47ACCBC-8DF8-4F24-BDCE-6BC012EBC094}.Release|Any CPU.ActiveCfg = Release|Any CPU
		{B47ACCBC-8DF8-4F24-BDCE-6BC012EBC094}.Release|Any CPU.Build.0 = Release|Any CPU
	EndGlobalSection
	GlobalSection(SolutionProperties) = preSolution
		HideSolutionNode = FALSE
	EndGlobalSection
	GlobalSection(ExtensibilityGlobals) = postSolution
		SolutionGuid = {E804C8AE-713E-4EC0-A5A1-77A9DA3039B0}
	EndGlobalSection
EndGlobal
