
Microsoft Visual Studio Solution File, Format Version 12.00
# Visual Studio Version 17
VisualStudioVersion = 17.8.34408.163
MinimumVisualStudioVersion = 10.0.40219.1
Project("{9A19103F-16F7-4668-BE54-9A1E7A4F7556}") = "01. Temple of Doom", "01. Temple of Doom\01. Temple of Doom.csproj", "{0B90AFA2-FC84-4CDF-BFF7-4F3FB6CE4697}"
EndProject
Project("{FAE04EC0-301F-11D3-BF4B-00C04F79EFBC}") = "02. Mouse in the kitchen", "02. Mouse in the kitchen\02. Mouse in the kitchen.csproj", "{DBE38D89-202B-44D1-AAA2-5E528FE77BA5}"
EndProject
Global
	GlobalSection(SolutionConfigurationPlatforms) = preSolution
		Debug|Any CPU = Debug|Any CPU
		Release|Any CPU = Release|Any CPU
	EndGlobalSection
	GlobalSection(ProjectConfigurationPlatforms) = postSolution
		{0B90AFA2-FC84-4CDF-BFF7-4F3FB6CE4697}.Debug|Any CPU.ActiveCfg = Debug|Any CPU
		{0B90AFA2-FC84-4CDF-BFF7-4F3FB6CE4697}.Debug|Any CPU.Build.0 = Debug|Any CPU
		{0B90AFA2-FC84-4CDF-BFF7-4F3FB6CE4697}.Release|Any CPU.ActiveCfg = Release|Any CPU
		{0B90AFA2-FC84-4CDF-BFF7-4F3FB6CE4697}.Release|Any CPU.Build.0 = Release|Any CPU
		{DBE38D89-202B-44D1-AAA2-5E528FE77BA5}.Debug|Any CPU.ActiveCfg = Debug|Any CPU
		{DBE38D89-202B-44D1-AAA2-5E528FE77BA5}.Debug|Any CPU.Build.0 = Debug|Any CPU
		{DBE38D89-202B-44D1-AAA2-5E528FE77BA5}.Release|Any CPU.ActiveCfg = Release|Any CPU
		{DBE38D89-202B-44D1-AAA2-5E528FE77BA5}.Release|Any CPU.Build.0 = Release|Any CPU
	EndGlobalSection
	GlobalSection(SolutionProperties) = preSolution
		HideSolutionNode = FALSE
	EndGlobalSection
	GlobalSection(ExtensibilityGlobals) = postSolution
		SolutionGuid = {B4161DD7-B8A4-41BF-8AC2-0BF8A21CDA24}
	EndGlobalSection
EndGlobal
