
Microsoft Visual Studio Solution File, Format Version 12.00
# Visual Studio Version 17
VisualStudioVersion = 17.8.34408.163
MinimumVisualStudioVersion = 10.0.40219.1
Project("{9A19103F-16F7-4668-BE54-9A1E7A4F7556}") = "01. Count Same Values in Array", "01. Count Same Values in Array\01. Count Same Values in Array.csproj", "{8D50949A-E23C-434C-BFD0-04AC6AEB0E8A}"
EndProject
Project("{9A19103F-16F7-4668-BE54-9A1E7A4F7556}") = "02. Average Student Grades", "02. Average Student Grades\02. Average Student Grades.csproj", "{059E2166-1598-4A7A-A3E1-DD5334DE43FA}"
EndProject
Project("{FAE04EC0-301F-11D3-BF4B-00C04F79EFBC}") = "04. Product Shop", "04. Product Shop\04. Product Shop.csproj", "{659D3115-D4E7-4781-9D73-02B4DF80575B}"
EndProject
Project("{FAE04EC0-301F-11D3-BF4B-00C04F79EFBC}") = "06. Record Unique Names", "06. Record Unique Names\06. Record Unique Names.csproj", "{332ED80E-0A3D-4385-AAD6-193D92101AA1}"
EndProject
Global
	GlobalSection(SolutionConfigurationPlatforms) = preSolution
		Debug|Any CPU = Debug|Any CPU
		Release|Any CPU = Release|Any CPU
	EndGlobalSection
	GlobalSection(ProjectConfigurationPlatforms) = postSolution
		{8D50949A-E23C-434C-BFD0-04AC6AEB0E8A}.Debug|Any CPU.ActiveCfg = Debug|Any CPU
		{8D50949A-E23C-434C-BFD0-04AC6AEB0E8A}.Debug|Any CPU.Build.0 = Debug|Any CPU
		{8D50949A-E23C-434C-BFD0-04AC6AEB0E8A}.Release|Any CPU.ActiveCfg = Release|Any CPU
		{8D50949A-E23C-434C-BFD0-04AC6AEB0E8A}.Release|Any CPU.Build.0 = Release|Any CPU
		{059E2166-1598-4A7A-A3E1-DD5334DE43FA}.Debug|Any CPU.ActiveCfg = Debug|Any CPU
		{059E2166-1598-4A7A-A3E1-DD5334DE43FA}.Debug|Any CPU.Build.0 = Debug|Any CPU
		{059E2166-1598-4A7A-A3E1-DD5334DE43FA}.Release|Any CPU.ActiveCfg = Release|Any CPU
		{059E2166-1598-4A7A-A3E1-DD5334DE43FA}.Release|Any CPU.Build.0 = Release|Any CPU
		{659D3115-D4E7-4781-9D73-02B4DF80575B}.Debug|Any CPU.ActiveCfg = Debug|Any CPU
		{659D3115-D4E7-4781-9D73-02B4DF80575B}.Debug|Any CPU.Build.0 = Debug|Any CPU
		{659D3115-D4E7-4781-9D73-02B4DF80575B}.Release|Any CPU.ActiveCfg = Release|Any CPU
		{659D3115-D4E7-4781-9D73-02B4DF80575B}.Release|Any CPU.Build.0 = Release|Any CPU
		{332ED80E-0A3D-4385-AAD6-193D92101AA1}.Debug|Any CPU.ActiveCfg = Debug|Any CPU
		{332ED80E-0A3D-4385-AAD6-193D92101AA1}.Debug|Any CPU.Build.0 = Debug|Any CPU
		{332ED80E-0A3D-4385-AAD6-193D92101AA1}.Release|Any CPU.ActiveCfg = Release|Any CPU
		{332ED80E-0A3D-4385-AAD6-193D92101AA1}.Release|Any CPU.Build.0 = Release|Any CPU
	EndGlobalSection
	GlobalSection(SolutionProperties) = preSolution
		HideSolutionNode = FALSE
	EndGlobalSection
	GlobalSection(ExtensibilityGlobals) = postSolution
		SolutionGuid = {7B3DF73B-F377-4500-A99A-890A8F95338B}
	EndGlobalSection
EndGlobal
