
Microsoft Visual Studio Solution File, Format Version 12.00
# Visual Studio Version 17
VisualStudioVersion = 17.8.34408.163
MinimumVisualStudioVersion = 10.0.40219.1
Project("{FAE04EC0-301F-11D3-BF4B-00C04F79EFBC}") = "01. Generic Box Of String", "01. Generic Box Of String\01. Generic Box Of String.csproj", "{81577425-609B-43B1-8FE0-802F339E9900}"
EndProject
Global
	GlobalSection(SolutionConfigurationPlatforms) = preSolution
		Debug|Any CPU = Debug|Any CPU
		Release|Any CPU = Release|Any CPU
	EndGlobalSection
	GlobalSection(ProjectConfigurationPlatforms) = postSolution
		{81577425-609B-43B1-8FE0-802F339E9900}.Debug|Any CPU.ActiveCfg = Debug|Any CPU
		{81577425-609B-43B1-8FE0-802F339E9900}.Debug|Any CPU.Build.0 = Debug|Any CPU
		{81577425-609B-43B1-8FE0-802F339E9900}.Release|Any CPU.ActiveCfg = Release|Any CPU
		{81577425-609B-43B1-8FE0-802F339E9900}.Release|Any CPU.Build.0 = Release|Any CPU
	EndGlobalSection
	GlobalSection(SolutionProperties) = preSolution
		HideSolutionNode = FALSE
	EndGlobalSection
	GlobalSection(ExtensibilityGlobals) = postSolution
		SolutionGuid = {3FEE0803-2910-4FD7-B60D-EBC5BE0D2963}
	EndGlobalSection
EndGlobal
