
Microsoft Visual Studio Solution File, Format Version 12.00
# Visual Studio Version 17
VisualStudioVersion = 17.8.34309.116
MinimumVisualStudioVersion = 10.0.40219.1
Project("{9A19103F-16F7-4668-BE54-9A1E7A4F7556}") = "01. Decrypting Commands", "01. Decrypting Commands\01. Decrypting Commands.csproj", "{2395EF88-9CCC-4B8A-B45B-4EFD7D754B68}"
EndProject
Project("{9A19103F-16F7-4668-BE54-9A1E7A4F7556}") = "02. Encrypting Password", "02. Encrypting Password\02. Encrypting Password.csproj", "{C6A7EC9D-2FD5-46A3-981F-D9F4EBE9FC6C}"
EndProject
Project("{9A19103F-16F7-4668-BE54-9A1E7A4F7556}") = "03. Dictionary", "03. Dictionary\03. Dictionary.csproj", "{A72F0D94-C39F-41D2-AB49-0EDA6F0BCBF5}"
EndProject
Global
	GlobalSection(SolutionConfigurationPlatforms) = preSolution
		Debug|Any CPU = Debug|Any CPU
		Release|Any CPU = Release|Any CPU
	EndGlobalSection
	GlobalSection(ProjectConfigurationPlatforms) = postSolution
		{2395EF88-9CCC-4B8A-B45B-4EFD7D754B68}.Debug|Any CPU.ActiveCfg = Debug|Any CPU
		{2395EF88-9CCC-4B8A-B45B-4EFD7D754B68}.Debug|Any CPU.Build.0 = Debug|Any CPU
		{2395EF88-9CCC-4B8A-B45B-4EFD7D754B68}.Release|Any CPU.ActiveCfg = Release|Any CPU
		{2395EF88-9CCC-4B8A-B45B-4EFD7D754B68}.Release|Any CPU.Build.0 = Release|Any CPU
		{C6A7EC9D-2FD5-46A3-981F-D9F4EBE9FC6C}.Debug|Any CPU.ActiveCfg = Debug|Any CPU
		{C6A7EC9D-2FD5-46A3-981F-D9F4EBE9FC6C}.Debug|Any CPU.Build.0 = Debug|Any CPU
		{C6A7EC9D-2FD5-46A3-981F-D9F4EBE9FC6C}.Release|Any CPU.ActiveCfg = Release|Any CPU
		{C6A7EC9D-2FD5-46A3-981F-D9F4EBE9FC6C}.Release|Any CPU.Build.0 = Release|Any CPU
		{A72F0D94-C39F-41D2-AB49-0EDA6F0BCBF5}.Debug|Any CPU.ActiveCfg = Debug|Any CPU
		{A72F0D94-C39F-41D2-AB49-0EDA6F0BCBF5}.Debug|Any CPU.Build.0 = Debug|Any CPU
		{A72F0D94-C39F-41D2-AB49-0EDA6F0BCBF5}.Release|Any CPU.ActiveCfg = Release|Any CPU
		{A72F0D94-C39F-41D2-AB49-0EDA6F0BCBF5}.Release|Any CPU.Build.0 = Release|Any CPU
	EndGlobalSection
	GlobalSection(SolutionProperties) = preSolution
		HideSolutionNode = FALSE
	EndGlobalSection
	GlobalSection(ExtensibilityGlobals) = postSolution
		SolutionGuid = {A7E6A76D-1495-46FA-B69F-C12EF266D011}
	EndGlobalSection
EndGlobal
