
Microsoft Visual Studio Solution File, Format Version 12.00
# Visual Studio Version 17
VisualStudioVersion = 17.9.34616.47
MinimumVisualStudioVersion = 10.0.40219.1
Project("{9A19103F-16F7-4668-BE54-9A1E7A4F7556}") = "01. Class Box Data", "01. Class Box Data\01. Class Box Data.csproj", "{DACF2C40-03CB-4211-B14D-129292756930}"
EndProject
Project("{9A19103F-16F7-4668-BE54-9A1E7A4F7556}") = "02. Animal Farm", "02. Animal Farm\02. Animal Farm.csproj", "{AF6C16C1-8347-4E24-8419-AF84DCEFB92A}"
EndProject
Project("{9A19103F-16F7-4668-BE54-9A1E7A4F7556}") = "03. Shopping Spree", "03. Shopping Spree\03. Shopping Spree.csproj", "{36082921-B8C9-4B4F-BFC0-B86D6D3E0001}"
EndProject
Project("{FAE04EC0-301F-11D3-BF4B-00C04F79EFBC}") = "PizzaCalories", "PizzaCalories\PizzaCalories.csproj", "{65B3BBEE-0677-4F61-BE6B-4A421EB2E1FF}"
EndProject
Global
	GlobalSection(SolutionConfigurationPlatforms) = preSolution
		Debug|Any CPU = Debug|Any CPU
		Release|Any CPU = Release|Any CPU
	EndGlobalSection
	GlobalSection(ProjectConfigurationPlatforms) = postSolution
		{DACF2C40-03CB-4211-B14D-129292756930}.Debug|Any CPU.ActiveCfg = Debug|Any CPU
		{DACF2C40-03CB-4211-B14D-129292756930}.Debug|Any CPU.Build.0 = Debug|Any CPU
		{DACF2C40-03CB-4211-B14D-129292756930}.Release|Any CPU.ActiveCfg = Release|Any CPU
		{DACF2C40-03CB-4211-B14D-129292756930}.Release|Any CPU.Build.0 = Release|Any CPU
		{AF6C16C1-8347-4E24-8419-AF84DCEFB92A}.Debug|Any CPU.ActiveCfg = Debug|Any CPU
		{AF6C16C1-8347-4E24-8419-AF84DCEFB92A}.Debug|Any CPU.Build.0 = Debug|Any CPU
		{AF6C16C1-8347-4E24-8419-AF84DCEFB92A}.Release|Any CPU.ActiveCfg = Release|Any CPU
		{AF6C16C1-8347-4E24-8419-AF84DCEFB92A}.Release|Any CPU.Build.0 = Release|Any CPU
		{36082921-B8C9-4B4F-BFC0-B86D6D3E0001}.Debug|Any CPU.ActiveCfg = Debug|Any CPU
		{36082921-B8C9-4B4F-BFC0-B86D6D3E0001}.Debug|Any CPU.Build.0 = Debug|Any CPU
		{36082921-B8C9-4B4F-BFC0-B86D6D3E0001}.Release|Any CPU.ActiveCfg = Release|Any CPU
		{36082921-B8C9-4B4F-BFC0-B86D6D3E0001}.Release|Any CPU.Build.0 = Release|Any CPU
		{65B3BBEE-0677-4F61-BE6B-4A421EB2E1FF}.Debug|Any CPU.ActiveCfg = Debug|Any CPU
		{65B3BBEE-0677-4F61-BE6B-4A421EB2E1FF}.Debug|Any CPU.Build.0 = Debug|Any CPU
		{65B3BBEE-0677-4F61-BE6B-4A421EB2E1FF}.Release|Any CPU.ActiveCfg = Release|Any CPU
		{65B3BBEE-0677-4F61-BE6B-4A421EB2E1FF}.Release|Any CPU.Build.0 = Release|Any CPU
	EndGlobalSection
	GlobalSection(SolutionProperties) = preSolution
		HideSolutionNode = FALSE
	EndGlobalSection
	GlobalSection(ExtensibilityGlobals) = postSolution
		SolutionGuid = {48155A9A-8B67-45EC-8693-116F706B3FAF}
	EndGlobalSection
EndGlobal
