
Microsoft Visual Studio Solution File, Format Version 12.00
# Visual Studio Version 17
VisualStudioVersion = 17.8.34408.163
MinimumVisualStudioVersion = 10.0.40219.1
Project("{9A19103F-16F7-4668-BE54-9A1E7A4F7556}") = "01. Offroad Challenge", "01. Offroad Challenge\01. Offroad Challenge.csproj", "{0BFD6043-CD8B-43A9-8BB1-8ABEF3AC6175}"
EndProject
Project("{FAE04EC0-301F-11D3-BF4B-00C04F79EFBC}") = "02. Fishing Competition", "02. Fishing Competition\02. Fishing Competition.csproj", "{20ADE1D3-54E5-4F47-8E4C-1620D659D7CA}"
EndProject
Global
	GlobalSection(SolutionConfigurationPlatforms) = preSolution
		Debug|Any CPU = Debug|Any CPU
		Release|Any CPU = Release|Any CPU
	EndGlobalSection
	GlobalSection(ProjectConfigurationPlatforms) = postSolution
		{0BFD6043-CD8B-43A9-8BB1-8ABEF3AC6175}.Debug|Any CPU.ActiveCfg = Debug|Any CPU
		{0BFD6043-CD8B-43A9-8BB1-8ABEF3AC6175}.Debug|Any CPU.Build.0 = Debug|Any CPU
		{0BFD6043-CD8B-43A9-8BB1-8ABEF3AC6175}.Release|Any CPU.ActiveCfg = Release|Any CPU
		{0BFD6043-CD8B-43A9-8BB1-8ABEF3AC6175}.Release|Any CPU.Build.0 = Release|Any CPU
		{20ADE1D3-54E5-4F47-8E4C-1620D659D7CA}.Debug|Any CPU.ActiveCfg = Debug|Any CPU
		{20ADE1D3-54E5-4F47-8E4C-1620D659D7CA}.Debug|Any CPU.Build.0 = Debug|Any CPU
		{20ADE1D3-54E5-4F47-8E4C-1620D659D7CA}.Release|Any CPU.ActiveCfg = Release|Any CPU
		{20ADE1D3-54E5-4F47-8E4C-1620D659D7CA}.Release|Any CPU.Build.0 = Release|Any CPU
	EndGlobalSection
	GlobalSection(SolutionProperties) = preSolution
		HideSolutionNode = FALSE
	EndGlobalSection
	GlobalSection(ExtensibilityGlobals) = postSolution
		SolutionGuid = {EA860D6E-CD61-4152-81CE-E8B1DFC478A6}
	EndGlobalSection
EndGlobal
