
Microsoft Visual Studio Solution File, Format Version 12.00
# Visual Studio Version 17
VisualStudioVersion = 17.6.33712.159
MinimumVisualStudioVersion = 10.0.40219.1
Project("{FAE04EC0-301F-11D3-BF4B-00C04F79EFBC}") = "01. Seconds Sum", "01. Seconds Sum\01. Seconds Sum.csproj", "{9FEFBAA4-1C7A-4DFA-B99A-C799C33FAD5C}"
EndProject
Project("{FAE04EC0-301F-11D3-BF4B-00C04F79EFBC}") = "02. Bonus points", "02. Bonus points\02. Bonus points.csproj", "{18FDDA82-8A3A-4EB4-B94C-81C48FC82DBC}"
EndProject
Project("{FAE04EC0-301F-11D3-BF4B-00C04F79EFBC}") = "03. Time +15 Minutes", "03. Time +15 Minutes\03. Time +15 Minutes.csproj", "{0ACFF295-848B-440A-928B-EC35A15E7111}"
EndProject
Project("{FAE04EC0-301F-11D3-BF4B-00C04F79EFBC}") = "04. Toy Shop", "04. Toy Shop\04. Toy Shop.csproj", "{D8C19D83-6D9D-42BA-A7A5-DD83B2897029}"
EndProject
Project("{FAE04EC0-301F-11D3-BF4B-00C04F79EFBC}") = "05. Godzilla vs Kong", "05. Godzilla vs Kong\05. Godzilla vs Kong.csproj", "{D172172E-A516-4807-AA91-5D679911429A}"
EndProject
Project("{FAE04EC0-301F-11D3-BF4B-00C04F79EFBC}") = "06. World Swimming Record", "06. World Swimming Record\06. World Swimming Record.csproj", "{34BAB3DF-2FC6-4F20-A237-0CFD60B83A6E}"
EndProject
Project("{FAE04EC0-301F-11D3-BF4B-00C04F79EFBC}") = "07. Shopping", "07. SHOP\07. Shopping.csproj", "{C51A54D2-F9B7-4009-A9AD-9643256385A0}"
EndProject
Project("{FAE04EC0-301F-11D3-BF4B-00C04F79EFBC}") = "08. Lunch Break", "08. Lunch Break\08. Lunch Break.csproj", "{21383794-7270-4EC9-B763-DDA649A9559F}"
EndProject
Global
	GlobalSection(SolutionConfigurationPlatforms) = preSolution
		Debug|Any CPU = Debug|Any CPU
		Release|Any CPU = Release|Any CPU
	EndGlobalSection
	GlobalSection(ProjectConfigurationPlatforms) = postSolution
		{9FEFBAA4-1C7A-4DFA-B99A-C799C33FAD5C}.Debug|Any CPU.ActiveCfg = Debug|Any CPU
		{9FEFBAA4-1C7A-4DFA-B99A-C799C33FAD5C}.Debug|Any CPU.Build.0 = Debug|Any CPU
		{9FEFBAA4-1C7A-4DFA-B99A-C799C33FAD5C}.Release|Any CPU.ActiveCfg = Release|Any CPU
		{9FEFBAA4-1C7A-4DFA-B99A-C799C33FAD5C}.Release|Any CPU.Build.0 = Release|Any CPU
		{18FDDA82-8A3A-4EB4-B94C-81C48FC82DBC}.Debug|Any CPU.ActiveCfg = Debug|Any CPU
		{18FDDA82-8A3A-4EB4-B94C-81C48FC82DBC}.Debug|Any CPU.Build.0 = Debug|Any CPU
		{18FDDA82-8A3A-4EB4-B94C-81C48FC82DBC}.Release|Any CPU.ActiveCfg = Release|Any CPU
		{18FDDA82-8A3A-4EB4-B94C-81C48FC82DBC}.Release|Any CPU.Build.0 = Release|Any CPU
		{0ACFF295-848B-440A-928B-EC35A15E7111}.Debug|Any CPU.ActiveCfg = Debug|Any CPU
		{0ACFF295-848B-440A-928B-EC35A15E7111}.Debug|Any CPU.Build.0 = Debug|Any CPU
		{0ACFF295-848B-440A-928B-EC35A15E7111}.Release|Any CPU.ActiveCfg = Release|Any CPU
		{0ACFF295-848B-440A-928B-EC35A15E7111}.Release|Any CPU.Build.0 = Release|Any CPU
		{D8C19D83-6D9D-42BA-A7A5-DD83B2897029}.Debug|Any CPU.ActiveCfg = Debug|Any CPU
		{D8C19D83-6D9D-42BA-A7A5-DD83B2897029}.Debug|Any CPU.Build.0 = Debug|Any CPU
		{D8C19D83-6D9D-42BA-A7A5-DD83B2897029}.Release|Any CPU.ActiveCfg = Release|Any CPU
		{D8C19D83-6D9D-42BA-A7A5-DD83B2897029}.Release|Any CPU.Build.0 = Release|Any CPU
		{D172172E-A516-4807-AA91-5D679911429A}.Debug|Any CPU.ActiveCfg = Debug|Any CPU
		{D172172E-A516-4807-AA91-5D679911429A}.Debug|Any CPU.Build.0 = Debug|Any CPU
		{D172172E-A516-4807-AA91-5D679911429A}.Release|Any CPU.ActiveCfg = Release|Any CPU
		{D172172E-A516-4807-AA91-5D679911429A}.Release|Any CPU.Build.0 = Release|Any CPU
		{34BAB3DF-2FC6-4F20-A237-0CFD60B83A6E}.Debug|Any CPU.ActiveCfg = Debug|Any CPU
		{34BAB3DF-2FC6-4F20-A237-0CFD60B83A6E}.Debug|Any CPU.Build.0 = Debug|Any CPU
		{34BAB3DF-2FC6-4F20-A237-0CFD60B83A6E}.Release|Any CPU.ActiveCfg = Release|Any CPU
		{34BAB3DF-2FC6-4F20-A237-0CFD60B83A6E}.Release|Any CPU.Build.0 = Release|Any CPU
		{C51A54D2-F9B7-4009-A9AD-9643256385A0}.Debug|Any CPU.ActiveCfg = Debug|Any CPU
		{C51A54D2-F9B7-4009-A9AD-9643256385A0}.Debug|Any CPU.Build.0 = Debug|Any CPU
		{C51A54D2-F9B7-4009-A9AD-9643256385A0}.Release|Any CPU.ActiveCfg = Release|Any CPU
		{C51A54D2-F9B7-4009-A9AD-9643256385A0}.Release|Any CPU.Build.0 = Release|Any CPU
		{21383794-7270-4EC9-B763-DDA649A9559F}.Debug|Any CPU.ActiveCfg = Debug|Any CPU
		{21383794-7270-4EC9-B763-DDA649A9559F}.Debug|Any CPU.Build.0 = Debug|Any CPU
		{21383794-7270-4EC9-B763-DDA649A9559F}.Release|Any CPU.ActiveCfg = Release|Any CPU
		{21383794-7270-4EC9-B763-DDA649A9559F}.Release|Any CPU.Build.0 = Release|Any CPU
	EndGlobalSection
	GlobalSection(SolutionProperties) = preSolution
		HideSolutionNode = FALSE
	EndGlobalSection
	GlobalSection(ExtensibilityGlobals) = postSolution
		SolutionGuid = {9C73E511-37AD-4E35-95A0-C655453B0974}
	EndGlobalSection
EndGlobal
