
Microsoft Visual Studio Solution File, Format Version 12.00
# Visual Studio Version 17
VisualStudioVersion = 17.6.33712.159
MinimumVisualStudioVersion = 10.0.40219.1
Project("{FAE04EC0-301F-11D3-BF4B-00C04F79EFBC}") = "01. Valid Usernames", "01. Valid Usernames\01. Valid Usernames.csproj", "{9E09B63A-B221-4A13-BC23-0223223F9E65}"
EndProject
Project("{FAE04EC0-301F-11D3-BF4B-00C04F79EFBC}") = "02. Character Mult", "02. Character Mult\02. Character Mult.csproj", "{EDAE6AA7-B06B-4B73-822A-631C3756D3EE}"
EndProject
Project("{FAE04EC0-301F-11D3-BF4B-00C04F79EFBC}") = "03. Extract File", "03. Extract File\03. Extract File.csproj", "{83D79BAA-6747-4B92-A443-D64F7F4E76CF}"
EndProject
Project("{FAE04EC0-301F-11D3-BF4B-00C04F79EFBC}") = "04. Caesar Cipher", "4. Caesar Cipher\04. Caesar Cipher.csproj", "{BE570EEE-FF8C-42D0-A354-795BA5A5E4A2}"
EndProject
Project("{FAE04EC0-301F-11D3-BF4B-00C04F79EFBC}") = "05. Multiply BigNum", "05. Multiply BigNum\05. Multiply BigNum.csproj", "{AA0AA47D-600C-4B81-937C-10DBF8901F17}"
EndProject
Project("{FAE04EC0-301F-11D3-BF4B-00C04F79EFBC}") = "06. Replace Repeat", "06. Replace Repeat\06. Replace Repeat.csproj", "{66FBADCE-93F8-47F2-B84A-246D42F2586B}"
EndProject
Global
	GlobalSection(SolutionConfigurationPlatforms) = preSolution
		Debug|Any CPU = Debug|Any CPU
		Release|Any CPU = Release|Any CPU
	EndGlobalSection
	GlobalSection(ProjectConfigurationPlatforms) = postSolution
		{9E09B63A-B221-4A13-BC23-0223223F9E65}.Debug|Any CPU.ActiveCfg = Debug|Any CPU
		{9E09B63A-B221-4A13-BC23-0223223F9E65}.Debug|Any CPU.Build.0 = Debug|Any CPU
		{9E09B63A-B221-4A13-BC23-0223223F9E65}.Release|Any CPU.ActiveCfg = Release|Any CPU
		{9E09B63A-B221-4A13-BC23-0223223F9E65}.Release|Any CPU.Build.0 = Release|Any CPU
		{EDAE6AA7-B06B-4B73-822A-631C3756D3EE}.Debug|Any CPU.ActiveCfg = Debug|Any CPU
		{EDAE6AA7-B06B-4B73-822A-631C3756D3EE}.Debug|Any CPU.Build.0 = Debug|Any CPU
		{EDAE6AA7-B06B-4B73-822A-631C3756D3EE}.Release|Any CPU.ActiveCfg = Release|Any CPU
		{EDAE6AA7-B06B-4B73-822A-631C3756D3EE}.Release|Any CPU.Build.0 = Release|Any CPU
		{83D79BAA-6747-4B92-A443-D64F7F4E76CF}.Debug|Any CPU.ActiveCfg = Debug|Any CPU
		{83D79BAA-6747-4B92-A443-D64F7F4E76CF}.Debug|Any CPU.Build.0 = Debug|Any CPU
		{83D79BAA-6747-4B92-A443-D64F7F4E76CF}.Release|Any CPU.ActiveCfg = Release|Any CPU
		{83D79BAA-6747-4B92-A443-D64F7F4E76CF}.Release|Any CPU.Build.0 = Release|Any CPU
		{BE570EEE-FF8C-42D0-A354-795BA5A5E4A2}.Debug|Any CPU.ActiveCfg = Debug|Any CPU
		{BE570EEE-FF8C-42D0-A354-795BA5A5E4A2}.Debug|Any CPU.Build.0 = Debug|Any CPU
		{BE570EEE-FF8C-42D0-A354-795BA5A5E4A2}.Release|Any CPU.ActiveCfg = Release|Any CPU
		{BE570EEE-FF8C-42D0-A354-795BA5A5E4A2}.Release|Any CPU.Build.0 = Release|Any CPU
		{AA0AA47D-600C-4B81-937C-10DBF8901F17}.Debug|Any CPU.ActiveCfg = Debug|Any CPU
		{AA0AA47D-600C-4B81-937C-10DBF8901F17}.Debug|Any CPU.Build.0 = Debug|Any CPU
		{AA0AA47D-600C-4B81-937C-10DBF8901F17}.Release|Any CPU.ActiveCfg = Release|Any CPU
		{AA0AA47D-600C-4B81-937C-10DBF8901F17}.Release|Any CPU.Build.0 = Release|Any CPU
		{66FBADCE-93F8-47F2-B84A-246D42F2586B}.Debug|Any CPU.ActiveCfg = Debug|Any CPU
		{66FBADCE-93F8-47F2-B84A-246D42F2586B}.Debug|Any CPU.Build.0 = Debug|Any CPU
		{66FBADCE-93F8-47F2-B84A-246D42F2586B}.Release|Any CPU.ActiveCfg = Release|Any CPU
		{66FBADCE-93F8-47F2-B84A-246D42F2586B}.Release|Any CPU.Build.0 = Release|Any CPU
	EndGlobalSection
	GlobalSection(SolutionProperties) = preSolution
		HideSolutionNode = FALSE
	EndGlobalSection
	GlobalSection(ExtensibilityGlobals) = postSolution
		SolutionGuid = {6061FA47-A1CD-4385-BC4D-18E53D30C380}
	EndGlobalSection
EndGlobal
