
Microsoft Visual Studio Solution File, Format Version 12.00
# Visual Studio Version 17
VisualStudioVersion = 17.6.33712.159
MinimumVisualStudioVersion = 10.0.40219.1
Project("{FAE04EC0-301F-11D3-BF4B-00C04F79EFBC}") = "01. Valid Usernames", "01. Valid Usernames\01. Valid Usernames.csproj", "{9E09B63A-B221-4A13-BC23-0223223F9E65}"
EndProject
Project("{FAE04EC0-301F-11D3-BF4B-00C04F79EFBC}") = "02. Character Mult", "02. Character Mult\02. Character Mult.csproj", "{EDAE6AA7-B06B-4B73-822A-631C3756D3EE}"
EndProject
Global
	GlobalSection(SolutionConfigurationPlatforms) = preSolution
		Debug|Any CPU = Debug|Any CPU
		Release|Any CPU = Release|Any CPU
	EndGlobalSection
	GlobalSection(ProjectConfigurationPlatforms) = postSolution
		{9E09B63A-B221-4A13-BC23-0223223F9E65}.Debug|Any CPU.ActiveCfg = Debug|Any CPU
		{9E09B63A-B221-4A13-BC23-0223223F9E65}.Debug|Any CPU.Build.0 = Debug|Any CPU
		{9E09B63A-B221-4A13-BC23-0223223F9E65}.Release|Any CPU.ActiveCfg = Release|Any CPU
		{9E09B63A-B221-4A13-BC23-0223223F9E65}.Release|Any CPU.Build.0 = Release|Any CPU
		{EDAE6AA7-B06B-4B73-822A-631C3756D3EE}.Debug|Any CPU.ActiveCfg = Debug|Any CPU
		{EDAE6AA7-B06B-4B73-822A-631C3756D3EE}.Debug|Any CPU.Build.0 = Debug|Any CPU
		{EDAE6AA7-B06B-4B73-822A-631C3756D3EE}.Release|Any CPU.ActiveCfg = Release|Any CPU
		{EDAE6AA7-B06B-4B73-822A-631C3756D3EE}.Release|Any CPU.Build.0 = Release|Any CPU
	EndGlobalSection
	GlobalSection(SolutionProperties) = preSolution
		HideSolutionNode = FALSE
	EndGlobalSection
	GlobalSection(ExtensibilityGlobals) = postSolution
		SolutionGuid = {6061FA47-A1CD-4385-BC4D-18E53D30C380}
	EndGlobalSection
EndGlobal
