
Microsoft Visual Studio Solution File, Format Version 12.00
# Visual Studio Version 17
VisualStudioVersion = 17.8.34408.163
MinimumVisualStudioVersion = 10.0.40219.1
Project("{9A19103F-16F7-4668-BE54-9A1E7A4F7556}") = "01. Person", "01. Person\01. Person.csproj", "{3F1DA4BA-1AF2-49F9-BBFE-11ABB2F757FB}"
EndProject
Project("{9A19103F-16F7-4668-BE54-9A1E7A4F7556}") = "02. Zoo", "02. Zoo\02. Zoo.csproj", "{8A401D74-4A47-4EE9-8158-46CFD1FAA109}"
EndProject
Project("{9A19103F-16F7-4668-BE54-9A1E7A4F7556}") = "03. Players and Monsters", "03. Players and Monsters\03. Players and Monsters.csproj", "{3FC9109E-5705-462C-9D71-67999AC7E89F}"
EndProject
Project("{9A19103F-16F7-4668-BE54-9A1E7A4F7556}") = "04. Need for Speed", "04. Need for Speed\04. Need for Speed.csproj", "{112DF244-32AB-4228-B838-03B13F25B5F1}"
EndProject
Project("{FAE04EC0-301F-11D3-BF4B-00C04F79EFBC}") = "05. Restaurant", "05. Restaurant\05. Restaurant.csproj", "{DE4BE8E6-4B22-41A5-8858-4EDEE13DD8A0}"
EndProject
Global
	GlobalSection(SolutionConfigurationPlatforms) = preSolution
		Debug|Any CPU = Debug|Any CPU
		Release|Any CPU = Release|Any CPU
	EndGlobalSection
	GlobalSection(ProjectConfigurationPlatforms) = postSolution
		{3F1DA4BA-1AF2-49F9-BBFE-11ABB2F757FB}.Debug|Any CPU.ActiveCfg = Debug|Any CPU
		{3F1DA4BA-1AF2-49F9-BBFE-11ABB2F757FB}.Debug|Any CPU.Build.0 = Debug|Any CPU
		{3F1DA4BA-1AF2-49F9-BBFE-11ABB2F757FB}.Release|Any CPU.ActiveCfg = Release|Any CPU
		{3F1DA4BA-1AF2-49F9-BBFE-11ABB2F757FB}.Release|Any CPU.Build.0 = Release|Any CPU
		{8A401D74-4A47-4EE9-8158-46CFD1FAA109}.Debug|Any CPU.ActiveCfg = Debug|Any CPU
		{8A401D74-4A47-4EE9-8158-46CFD1FAA109}.Debug|Any CPU.Build.0 = Debug|Any CPU
		{8A401D74-4A47-4EE9-8158-46CFD1FAA109}.Release|Any CPU.ActiveCfg = Release|Any CPU
		{8A401D74-4A47-4EE9-8158-46CFD1FAA109}.Release|Any CPU.Build.0 = Release|Any CPU
		{3FC9109E-5705-462C-9D71-67999AC7E89F}.Debug|Any CPU.ActiveCfg = Debug|Any CPU
		{3FC9109E-5705-462C-9D71-67999AC7E89F}.Debug|Any CPU.Build.0 = Debug|Any CPU
		{3FC9109E-5705-462C-9D71-67999AC7E89F}.Release|Any CPU.ActiveCfg = Release|Any CPU
		{3FC9109E-5705-462C-9D71-67999AC7E89F}.Release|Any CPU.Build.0 = Release|Any CPU
		{112DF244-32AB-4228-B838-03B13F25B5F1}.Debug|Any CPU.ActiveCfg = Debug|Any CPU
		{112DF244-32AB-4228-B838-03B13F25B5F1}.Debug|Any CPU.Build.0 = Debug|Any CPU
		{112DF244-32AB-4228-B838-03B13F25B5F1}.Release|Any CPU.ActiveCfg = Release|Any CPU
		{112DF244-32AB-4228-B838-03B13F25B5F1}.Release|Any CPU.Build.0 = Release|Any CPU
		{DE4BE8E6-4B22-41A5-8858-4EDEE13DD8A0}.Debug|Any CPU.ActiveCfg = Debug|Any CPU
		{DE4BE8E6-4B22-41A5-8858-4EDEE13DD8A0}.Debug|Any CPU.Build.0 = Debug|Any CPU
		{DE4BE8E6-4B22-41A5-8858-4EDEE13DD8A0}.Release|Any CPU.ActiveCfg = Release|Any CPU
		{DE4BE8E6-4B22-41A5-8858-4EDEE13DD8A0}.Release|Any CPU.Build.0 = Release|Any CPU
	EndGlobalSection
	GlobalSection(SolutionProperties) = preSolution
		HideSolutionNode = FALSE
	EndGlobalSection
	GlobalSection(ExtensibilityGlobals) = postSolution
		SolutionGuid = {41BC7B8D-CC79-4BAC-A774-CC51B5D6E939}
	EndGlobalSection
EndGlobal
