
Microsoft Visual Studio Solution File, Format Version 12.00
# Visual Studio Version 17
VisualStudioVersion = 17.8.34408.163
MinimumVisualStudioVersion = 10.0.40219.1
Project("{9A19103F-16F7-4668-BE54-9A1E7A4F7556}") = "01. Define a Class Person", "01. Define a Class Person\01. Define a Class Person.csproj", "{39604608-5CD9-45A8-8219-89A898555BCD}"
EndProject
Project("{9A19103F-16F7-4668-BE54-9A1E7A4F7556}") = "02. Creating Constructors", "02. Creating Constructors\02. Creating Constructors.csproj", "{0C9B80E4-4C10-4345-9CB1-9BAE76B6A735}"
EndProject
Project("{9A19103F-16F7-4668-BE54-9A1E7A4F7556}") = "03. Oldest Family Member", "03. Oldest Family Member\03. Oldest Family Member.csproj", "{55582444-B2B6-4F70-842F-8DFF493320EE}"
EndProject
Project("{9A19103F-16F7-4668-BE54-9A1E7A4F7556}") = "04. Opinion Poll", "04. Opinion Poll\04. Opinion Poll.csproj", "{106F965C-7386-4DC2-BF40-DF712136F8BE}"
EndProject
Project("{9A19103F-16F7-4668-BE54-9A1E7A4F7556}") = "05. Date Modifier", "05. Date Modifier\05. Date Modifier.csproj", "{6DF58142-C59D-48DB-803E-7AF04AD8BC81}"
EndProject
Project("{9A19103F-16F7-4668-BE54-9A1E7A4F7556}") = "06. Speed Racing", "06. Speed Racing\06. Speed Racing.csproj", "{56421DFC-5839-435C-945D-681191973566}"
EndProject
Project("{9A19103F-16F7-4668-BE54-9A1E7A4F7556}") = "07. Raw Data", "07. Raw Data\07. Raw Data.csproj", "{1D78B642-8945-4A95-AE2E-30C61BF76F5C}"
EndProject
Project("{9A19103F-16F7-4668-BE54-9A1E7A4F7556}") = "08. Car Salesman", "08. Car Salesman\08. Car Salesman.csproj", "{E0ED875B-DA19-4D4D-B5BE-EFB41BE123D2}"
EndProject
Project("{9A19103F-16F7-4668-BE54-9A1E7A4F7556}") = "09. Pokemon Trainer", "09. Pokemon Trainer\09. Pokemon Trainer.csproj", "{330A605F-ADC7-4F3F-836C-BD6F4F732883}"
EndProject
Project("{FAE04EC0-301F-11D3-BF4B-00C04F79EFBC}") = "10. SoftUni Parking", "10. SoftUni Parking\10. SoftUni Parking.csproj", "{765640E3-4A34-4808-83AD-1A9A4C5FBB36}"
EndProject
Global
	GlobalSection(SolutionConfigurationPlatforms) = preSolution
		Debug|Any CPU = Debug|Any CPU
		Release|Any CPU = Release|Any CPU
	EndGlobalSection
	GlobalSection(ProjectConfigurationPlatforms) = postSolution
		{39604608-5CD9-45A8-8219-89A898555BCD}.Debug|Any CPU.ActiveCfg = Debug|Any CPU
		{39604608-5CD9-45A8-8219-89A898555BCD}.Debug|Any CPU.Build.0 = Debug|Any CPU
		{39604608-5CD9-45A8-8219-89A898555BCD}.Release|Any CPU.ActiveCfg = Release|Any CPU
		{39604608-5CD9-45A8-8219-89A898555BCD}.Release|Any CPU.Build.0 = Release|Any CPU
		{0C9B80E4-4C10-4345-9CB1-9BAE76B6A735}.Debug|Any CPU.ActiveCfg = Debug|Any CPU
		{0C9B80E4-4C10-4345-9CB1-9BAE76B6A735}.Debug|Any CPU.Build.0 = Debug|Any CPU
		{0C9B80E4-4C10-4345-9CB1-9BAE76B6A735}.Release|Any CPU.ActiveCfg = Release|Any CPU
		{0C9B80E4-4C10-4345-9CB1-9BAE76B6A735}.Release|Any CPU.Build.0 = Release|Any CPU
		{55582444-B2B6-4F70-842F-8DFF493320EE}.Debug|Any CPU.ActiveCfg = Debug|Any CPU
		{55582444-B2B6-4F70-842F-8DFF493320EE}.Debug|Any CPU.Build.0 = Debug|Any CPU
		{55582444-B2B6-4F70-842F-8DFF493320EE}.Release|Any CPU.ActiveCfg = Release|Any CPU
		{55582444-B2B6-4F70-842F-8DFF493320EE}.Release|Any CPU.Build.0 = Release|Any CPU
		{106F965C-7386-4DC2-BF40-DF712136F8BE}.Debug|Any CPU.ActiveCfg = Debug|Any CPU
		{106F965C-7386-4DC2-BF40-DF712136F8BE}.Debug|Any CPU.Build.0 = Debug|Any CPU
		{106F965C-7386-4DC2-BF40-DF712136F8BE}.Release|Any CPU.ActiveCfg = Release|Any CPU
		{106F965C-7386-4DC2-BF40-DF712136F8BE}.Release|Any CPU.Build.0 = Release|Any CPU
		{6DF58142-C59D-48DB-803E-7AF04AD8BC81}.Debug|Any CPU.ActiveCfg = Debug|Any CPU
		{6DF58142-C59D-48DB-803E-7AF04AD8BC81}.Debug|Any CPU.Build.0 = Debug|Any CPU
		{6DF58142-C59D-48DB-803E-7AF04AD8BC81}.Release|Any CPU.ActiveCfg = Release|Any CPU
		{6DF58142-C59D-48DB-803E-7AF04AD8BC81}.Release|Any CPU.Build.0 = Release|Any CPU
		{56421DFC-5839-435C-945D-681191973566}.Debug|Any CPU.ActiveCfg = Debug|Any CPU
		{56421DFC-5839-435C-945D-681191973566}.Debug|Any CPU.Build.0 = Debug|Any CPU
		{56421DFC-5839-435C-945D-681191973566}.Release|Any CPU.ActiveCfg = Release|Any CPU
		{56421DFC-5839-435C-945D-681191973566}.Release|Any CPU.Build.0 = Release|Any CPU
		{1D78B642-8945-4A95-AE2E-30C61BF76F5C}.Debug|Any CPU.ActiveCfg = Debug|Any CPU
		{1D78B642-8945-4A95-AE2E-30C61BF76F5C}.Debug|Any CPU.Build.0 = Debug|Any CPU
		{1D78B642-8945-4A95-AE2E-30C61BF76F5C}.Release|Any CPU.ActiveCfg = Release|Any CPU
		{1D78B642-8945-4A95-AE2E-30C61BF76F5C}.Release|Any CPU.Build.0 = Release|Any CPU
		{E0ED875B-DA19-4D4D-B5BE-EFB41BE123D2}.Debug|Any CPU.ActiveCfg = Debug|Any CPU
		{E0ED875B-DA19-4D4D-B5BE-EFB41BE123D2}.Debug|Any CPU.Build.0 = Debug|Any CPU
		{E0ED875B-DA19-4D4D-B5BE-EFB41BE123D2}.Release|Any CPU.ActiveCfg = Release|Any CPU
		{E0ED875B-DA19-4D4D-B5BE-EFB41BE123D2}.Release|Any CPU.Build.0 = Release|Any CPU
		{330A605F-ADC7-4F3F-836C-BD6F4F732883}.Debug|Any CPU.ActiveCfg = Debug|Any CPU
		{330A605F-ADC7-4F3F-836C-BD6F4F732883}.Debug|Any CPU.Build.0 = Debug|Any CPU
		{330A605F-ADC7-4F3F-836C-BD6F4F732883}.Release|Any CPU.ActiveCfg = Release|Any CPU
		{330A605F-ADC7-4F3F-836C-BD6F4F732883}.Release|Any CPU.Build.0 = Release|Any CPU
		{765640E3-4A34-4808-83AD-1A9A4C5FBB36}.Debug|Any CPU.ActiveCfg = Debug|Any CPU
		{765640E3-4A34-4808-83AD-1A9A4C5FBB36}.Debug|Any CPU.Build.0 = Debug|Any CPU
		{765640E3-4A34-4808-83AD-1A9A4C5FBB36}.Release|Any CPU.ActiveCfg = Release|Any CPU
		{765640E3-4A34-4808-83AD-1A9A4C5FBB36}.Release|Any CPU.Build.0 = Release|Any CPU
	EndGlobalSection
	GlobalSection(SolutionProperties) = preSolution
		HideSolutionNode = FALSE
	EndGlobalSection
	GlobalSection(ExtensibilityGlobals) = postSolution
		SolutionGuid = {F89C3F32-295B-412B-978B-483A961167AE}
	EndGlobalSection
EndGlobal
