
Microsoft Visual Studio Solution File, Format Version 12.00
# Visual Studio Version 17
VisualStudioVersion = 17.8.34309.116
MinimumVisualStudioVersion = 10.0.40219.1
Project("{9A19103F-16F7-4668-BE54-9A1E7A4F7556}") = "ConsoleApp1", "ConsoleApp1\ConsoleApp1.csproj", "{F7A0EF79-8811-4C65-BD05-B63C1A780C0E}"
EndProject
Project("{9A19103F-16F7-4668-BE54-9A1E7A4F7556}") = "02. Fancy Barcodes", "02. Fancy Barcodes\02. Fancy Barcodes.csproj", "{B7464B53-F80B-4CF1-B073-C5CAAF520866}"
EndProject
Project("{FAE04EC0-301F-11D3-BF4B-00C04F79EFBC}") = "03. Pirates", "03. Pirates\03. Pirates.csproj", "{E9E69B8B-7784-468D-B9B3-07FB131D5DED}"
EndProject
Global
	GlobalSection(SolutionConfigurationPlatforms) = preSolution
		Debug|Any CPU = Debug|Any CPU
		Release|Any CPU = Release|Any CPU
	EndGlobalSection
	GlobalSection(ProjectConfigurationPlatforms) = postSolution
		{F7A0EF79-8811-4C65-BD05-B63C1A780C0E}.Debug|Any CPU.ActiveCfg = Debug|Any CPU
		{F7A0EF79-8811-4C65-BD05-B63C1A780C0E}.Debug|Any CPU.Build.0 = Debug|Any CPU
		{F7A0EF79-8811-4C65-BD05-B63C1A780C0E}.Release|Any CPU.ActiveCfg = Release|Any CPU
		{F7A0EF79-8811-4C65-BD05-B63C1A780C0E}.Release|Any CPU.Build.0 = Release|Any CPU
		{B7464B53-F80B-4CF1-B073-C5CAAF520866}.Debug|Any CPU.ActiveCfg = Debug|Any CPU
		{B7464B53-F80B-4CF1-B073-C5CAAF520866}.Debug|Any CPU.Build.0 = Debug|Any CPU
		{B7464B53-F80B-4CF1-B073-C5CAAF520866}.Release|Any CPU.ActiveCfg = Release|Any CPU
		{B7464B53-F80B-4CF1-B073-C5CAAF520866}.Release|Any CPU.Build.0 = Release|Any CPU
		{E9E69B8B-7784-468D-B9B3-07FB131D5DED}.Debug|Any CPU.ActiveCfg = Debug|Any CPU
		{E9E69B8B-7784-468D-B9B3-07FB131D5DED}.Debug|Any CPU.Build.0 = Debug|Any CPU
		{E9E69B8B-7784-468D-B9B3-07FB131D5DED}.Release|Any CPU.ActiveCfg = Release|Any CPU
		{E9E69B8B-7784-468D-B9B3-07FB131D5DED}.Release|Any CPU.Build.0 = Release|Any CPU
	EndGlobalSection
	GlobalSection(SolutionProperties) = preSolution
		HideSolutionNode = FALSE
	EndGlobalSection
	GlobalSection(ExtensibilityGlobals) = postSolution
		SolutionGuid = {BF1EA5D6-1E39-4918-8A90-B97939E31BB8}
	EndGlobalSection
EndGlobal
