
Microsoft Visual Studio Solution File, Format Version 12.00
# Visual Studio Version 17
VisualStudioVersion = 17.8.34408.163
MinimumVisualStudioVersion = 10.0.40219.1
Project("{9A19103F-16F7-4668-BE54-9A1E7A4F7556}") = "demo", "demo\demo.csproj", "{B9359B54-ED58-4CFD-A50E-3D8BFB698FCA}"
EndProject
Project("{9A19103F-16F7-4668-BE54-9A1E7A4F7556}") = "01. Sum Matrix Elements", "01. Sum Matrix Elements\01. Sum Matrix Elements.csproj", "{16BF31F7-7C20-4277-8AFF-13EB94A6A42E}"
EndProject
Project("{9A19103F-16F7-4668-BE54-9A1E7A4F7556}") = "MatrixPrinting", "MatrixPrinting\MatrixPrinting.csproj", "{A8DA9ECA-F862-4141-94E1-73014DE38BA7}"
EndProject
Project("{9A19103F-16F7-4668-BE54-9A1E7A4F7556}") = "ReadMatrix", "ReadMatrix\ReadMatrix.csproj", "{779D9CB8-026E-4B88-A127-4785B25F091D}"
EndProject
Project("{9A19103F-16F7-4668-BE54-9A1E7A4F7556}") = "02. Sum Matrix Columns", "02. Sum Matrix Columns\02. Sum Matrix Columns.csproj", "{E8309CE8-6BB3-4318-881B-1350693E2E27}"
EndProject
Project("{9A19103F-16F7-4668-BE54-9A1E7A4F7556}") = "05. Square With Maximum Sum", "05. Square With Maximum Sum\05. Square With Maximum Sum.csproj", "{299D7C3D-0918-4301-9DAE-B9F8C7C87C65}"
EndProject
Project("{9A19103F-16F7-4668-BE54-9A1E7A4F7556}") = "03. Primary Diagonal", "03. Primary Diagonal\03. Primary Diagonal.csproj", "{935014C6-E7D7-415C-BD87-8C9F1435A3A1}"
EndProject
Project("{9A19103F-16F7-4668-BE54-9A1E7A4F7556}") = "JaggedArray", "JaggedArray\JaggedArray.csproj", "{780B17A6-8F13-42C8-B930-23EEEFE9030C}"
EndProject
Project("{9A19103F-16F7-4668-BE54-9A1E7A4F7556}") = "06. Jagged-Array Modification", "06. Jagged-Array Modification\06. Jagged-Array Modification.csproj", "{14EE98F0-18CE-49B0-A74C-B3C8657E76B7}"
EndProject
Project("{FAE04EC0-301F-11D3-BF4B-00C04F79EFBC}") = "04. Symbol in Matrix", "04. Symbol in Matrix\04. Symbol in Matrix.csproj", "{E4EEF574-EACB-4D6A-A340-7DD4AA2AA3DD}"
EndProject
Global
	GlobalSection(SolutionConfigurationPlatforms) = preSolution
		Debug|Any CPU = Debug|Any CPU
		Release|Any CPU = Release|Any CPU
	EndGlobalSection
	GlobalSection(ProjectConfigurationPlatforms) = postSolution
		{B9359B54-ED58-4CFD-A50E-3D8BFB698FCA}.Debug|Any CPU.ActiveCfg = Debug|Any CPU
		{B9359B54-ED58-4CFD-A50E-3D8BFB698FCA}.Debug|Any CPU.Build.0 = Debug|Any CPU
		{B9359B54-ED58-4CFD-A50E-3D8BFB698FCA}.Release|Any CPU.ActiveCfg = Release|Any CPU
		{B9359B54-ED58-4CFD-A50E-3D8BFB698FCA}.Release|Any CPU.Build.0 = Release|Any CPU
		{16BF31F7-7C20-4277-8AFF-13EB94A6A42E}.Debug|Any CPU.ActiveCfg = Debug|Any CPU
		{16BF31F7-7C20-4277-8AFF-13EB94A6A42E}.Debug|Any CPU.Build.0 = Debug|Any CPU
		{16BF31F7-7C20-4277-8AFF-13EB94A6A42E}.Release|Any CPU.ActiveCfg = Release|Any CPU
		{16BF31F7-7C20-4277-8AFF-13EB94A6A42E}.Release|Any CPU.Build.0 = Release|Any CPU
		{A8DA9ECA-F862-4141-94E1-73014DE38BA7}.Debug|Any CPU.ActiveCfg = Debug|Any CPU
		{A8DA9ECA-F862-4141-94E1-73014DE38BA7}.Debug|Any CPU.Build.0 = Debug|Any CPU
		{A8DA9ECA-F862-4141-94E1-73014DE38BA7}.Release|Any CPU.ActiveCfg = Release|Any CPU
		{A8DA9ECA-F862-4141-94E1-73014DE38BA7}.Release|Any CPU.Build.0 = Release|Any CPU
		{779D9CB8-026E-4B88-A127-4785B25F091D}.Debug|Any CPU.ActiveCfg = Debug|Any CPU
		{779D9CB8-026E-4B88-A127-4785B25F091D}.Debug|Any CPU.Build.0 = Debug|Any CPU
		{779D9CB8-026E-4B88-A127-4785B25F091D}.Release|Any CPU.ActiveCfg = Release|Any CPU
		{779D9CB8-026E-4B88-A127-4785B25F091D}.Release|Any CPU.Build.0 = Release|Any CPU
		{E8309CE8-6BB3-4318-881B-1350693E2E27}.Debug|Any CPU.ActiveCfg = Debug|Any CPU
		{E8309CE8-6BB3-4318-881B-1350693E2E27}.Debug|Any CPU.Build.0 = Debug|Any CPU
		{E8309CE8-6BB3-4318-881B-1350693E2E27}.Release|Any CPU.ActiveCfg = Release|Any CPU
		{E8309CE8-6BB3-4318-881B-1350693E2E27}.Release|Any CPU.Build.0 = Release|Any CPU
		{299D7C3D-0918-4301-9DAE-B9F8C7C87C65}.Debug|Any CPU.ActiveCfg = Debug|Any CPU
		{299D7C3D-0918-4301-9DAE-B9F8C7C87C65}.Debug|Any CPU.Build.0 = Debug|Any CPU
		{299D7C3D-0918-4301-9DAE-B9F8C7C87C65}.Release|Any CPU.ActiveCfg = Release|Any CPU
		{299D7C3D-0918-4301-9DAE-B9F8C7C87C65}.Release|Any CPU.Build.0 = Release|Any CPU
		{935014C6-E7D7-415C-BD87-8C9F1435A3A1}.Debug|Any CPU.ActiveCfg = Debug|Any CPU
		{935014C6-E7D7-415C-BD87-8C9F1435A3A1}.Debug|Any CPU.Build.0 = Debug|Any CPU
		{935014C6-E7D7-415C-BD87-8C9F1435A3A1}.Release|Any CPU.ActiveCfg = Release|Any CPU
		{935014C6-E7D7-415C-BD87-8C9F1435A3A1}.Release|Any CPU.Build.0 = Release|Any CPU
		{780B17A6-8F13-42C8-B930-23EEEFE9030C}.Debug|Any CPU.ActiveCfg = Debug|Any CPU
		{780B17A6-8F13-42C8-B930-23EEEFE9030C}.Debug|Any CPU.Build.0 = Debug|Any CPU
		{780B17A6-8F13-42C8-B930-23EEEFE9030C}.Release|Any CPU.ActiveCfg = Release|Any CPU
		{780B17A6-8F13-42C8-B930-23EEEFE9030C}.Release|Any CPU.Build.0 = Release|Any CPU
		{14EE98F0-18CE-49B0-A74C-B3C8657E76B7}.Debug|Any CPU.ActiveCfg = Debug|Any CPU
		{14EE98F0-18CE-49B0-A74C-B3C8657E76B7}.Debug|Any CPU.Build.0 = Debug|Any CPU
		{14EE98F0-18CE-49B0-A74C-B3C8657E76B7}.Release|Any CPU.ActiveCfg = Release|Any CPU
		{14EE98F0-18CE-49B0-A74C-B3C8657E76B7}.Release|Any CPU.Build.0 = Release|Any CPU
		{E4EEF574-EACB-4D6A-A340-7DD4AA2AA3DD}.Debug|Any CPU.ActiveCfg = Debug|Any CPU
		{E4EEF574-EACB-4D6A-A340-7DD4AA2AA3DD}.Debug|Any CPU.Build.0 = Debug|Any CPU
		{E4EEF574-EACB-4D6A-A340-7DD4AA2AA3DD}.Release|Any CPU.ActiveCfg = Release|Any CPU
		{E4EEF574-EACB-4D6A-A340-7DD4AA2AA3DD}.Release|Any CPU.Build.0 = Release|Any CPU
	EndGlobalSection
	GlobalSection(SolutionProperties) = preSolution
		HideSolutionNode = FALSE
	EndGlobalSection
	GlobalSection(ExtensibilityGlobals) = postSolution
		SolutionGuid = {A3CA1CB9-FC05-4453-870F-E6D390CEEF9E}
	EndGlobalSection
EndGlobal
