
Microsoft Visual Studio Solution File, Format Version 12.00
# Visual Studio Version 17
VisualStudioVersion = 17.8.34408.163
MinimumVisualStudioVersion = 10.0.40219.1
Project("{9A19103F-16F7-4668-BE54-9A1E7A4F7556}") = "01. ListyIterator", "01. ListyIterator\01. ListyIterator.csproj", "{9B39207A-456F-429D-A442-0A68D4B27C9F}"
EndProject
Project("{9A19103F-16F7-4668-BE54-9A1E7A4F7556}") = "02. Collection", "02. Collection\02. Collection.csproj", "{2B9F2A5B-9863-4347-9036-78158373C100}"
EndProject
Project("{9A19103F-16F7-4668-BE54-9A1E7A4F7556}") = "03. Stack", "03. Stack\03. Stack.csproj", "{1135784D-7D1D-47B4-A538-16C67699A159}"
EndProject
Project("{9A19103F-16F7-4668-BE54-9A1E7A4F7556}") = "04. Froggy", "04. Froggy\04. Froggy.csproj", "{59234218-026D-4566-A1A5-6A2C7D1C04A2}"
EndProject
Project("{9A19103F-16F7-4668-BE54-9A1E7A4F7556}") = "05. Comparing Objects", "05. Comparing Objects\05. Comparing Objects.csproj", "{90692710-CA6A-47A4-BFB2-27CAA40D3CC9}"
EndProject
Project("{9A19103F-16F7-4668-BE54-9A1E7A4F7556}") = "06. Equality Logic", "06. Equality Logic\06. Equality Logic.csproj", "{0264236B-5162-4A7C-B7D7-4F60F2858EED}"
EndProject
Project("{FAE04EC0-301F-11D3-BF4B-00C04F79EFBC}") = "07. Custom Comparator", "07. Custom Comparator\07. Custom Comparator.csproj", "{8B10492B-0157-495E-A3B5-2A04122BAAB1}"
EndProject
Global
	GlobalSection(SolutionConfigurationPlatforms) = preSolution
		Debug|Any CPU = Debug|Any CPU
		Release|Any CPU = Release|Any CPU
	EndGlobalSection
	GlobalSection(ProjectConfigurationPlatforms) = postSolution
		{9B39207A-456F-429D-A442-0A68D4B27C9F}.Debug|Any CPU.ActiveCfg = Debug|Any CPU
		{9B39207A-456F-429D-A442-0A68D4B27C9F}.Debug|Any CPU.Build.0 = Debug|Any CPU
		{9B39207A-456F-429D-A442-0A68D4B27C9F}.Release|Any CPU.ActiveCfg = Release|Any CPU
		{9B39207A-456F-429D-A442-0A68D4B27C9F}.Release|Any CPU.Build.0 = Release|Any CPU
		{2B9F2A5B-9863-4347-9036-78158373C100}.Debug|Any CPU.ActiveCfg = Debug|Any CPU
		{2B9F2A5B-9863-4347-9036-78158373C100}.Debug|Any CPU.Build.0 = Debug|Any CPU
		{2B9F2A5B-9863-4347-9036-78158373C100}.Release|Any CPU.ActiveCfg = Release|Any CPU
		{2B9F2A5B-9863-4347-9036-78158373C100}.Release|Any CPU.Build.0 = Release|Any CPU
		{1135784D-7D1D-47B4-A538-16C67699A159}.Debug|Any CPU.ActiveCfg = Debug|Any CPU
		{1135784D-7D1D-47B4-A538-16C67699A159}.Debug|Any CPU.Build.0 = Debug|Any CPU
		{1135784D-7D1D-47B4-A538-16C67699A159}.Release|Any CPU.ActiveCfg = Release|Any CPU
		{1135784D-7D1D-47B4-A538-16C67699A159}.Release|Any CPU.Build.0 = Release|Any CPU
		{59234218-026D-4566-A1A5-6A2C7D1C04A2}.Debug|Any CPU.ActiveCfg = Debug|Any CPU
		{59234218-026D-4566-A1A5-6A2C7D1C04A2}.Debug|Any CPU.Build.0 = Debug|Any CPU
		{59234218-026D-4566-A1A5-6A2C7D1C04A2}.Release|Any CPU.ActiveCfg = Release|Any CPU
		{59234218-026D-4566-A1A5-6A2C7D1C04A2}.Release|Any CPU.Build.0 = Release|Any CPU
		{90692710-CA6A-47A4-BFB2-27CAA40D3CC9}.Debug|Any CPU.ActiveCfg = Debug|Any CPU
		{90692710-CA6A-47A4-BFB2-27CAA40D3CC9}.Debug|Any CPU.Build.0 = Debug|Any CPU
		{90692710-CA6A-47A4-BFB2-27CAA40D3CC9}.Release|Any CPU.ActiveCfg = Release|Any CPU
		{90692710-CA6A-47A4-BFB2-27CAA40D3CC9}.Release|Any CPU.Build.0 = Release|Any CPU
		{0264236B-5162-4A7C-B7D7-4F60F2858EED}.Debug|Any CPU.ActiveCfg = Debug|Any CPU
		{0264236B-5162-4A7C-B7D7-4F60F2858EED}.Debug|Any CPU.Build.0 = Debug|Any CPU
		{0264236B-5162-4A7C-B7D7-4F60F2858EED}.Release|Any CPU.ActiveCfg = Release|Any CPU
		{0264236B-5162-4A7C-B7D7-4F60F2858EED}.Release|Any CPU.Build.0 = Release|Any CPU
		{8B10492B-0157-495E-A3B5-2A04122BAAB1}.Debug|Any CPU.ActiveCfg = Debug|Any CPU
		{8B10492B-0157-495E-A3B5-2A04122BAAB1}.Debug|Any CPU.Build.0 = Debug|Any CPU
		{8B10492B-0157-495E-A3B5-2A04122BAAB1}.Release|Any CPU.ActiveCfg = Release|Any CPU
		{8B10492B-0157-495E-A3B5-2A04122BAAB1}.Release|Any CPU.Build.0 = Release|Any CPU
	EndGlobalSection
	GlobalSection(SolutionProperties) = preSolution
		HideSolutionNode = FALSE
	EndGlobalSection
	GlobalSection(ExtensibilityGlobals) = postSolution
		SolutionGuid = {EF9B63D3-AE1F-4DBF-9B3C-C8FA11636073}
	EndGlobalSection
EndGlobal
