
Microsoft Visual Studio Solution File, Format Version 12.00
# Visual Studio Version 17
VisualStudioVersion = 17.9.34622.214
MinimumVisualStudioVersion = 10.0.40219.1
Project("{9A19103F-16F7-4668-BE54-9A1E7A4F7556}") = "InfluencerManagerApp", "InfluencerManagerApp\InfluencerManagerApp.csproj", "{FC9F02AC-48BE-4B4A-801F-F9EEFCC9BC6F}"
EndProject
Project("{9A19103F-16F7-4668-BE54-9A1E7A4F7556}") = "SocialMediaManager", "SocialMediaManager\SocialMediaManager.csproj", "{BCAA977A-5155-4025-AAD6-AB2985515589}"
EndProject
Project("{9A19103F-16F7-4668-BE54-9A1E7A4F7556}") = "SocialMediaManager.Tests", "SocialMediaManager.Tests\SocialMediaManager.Tests.csproj", "{501B7926-A13B-4510-981D-038422BA6312}"
EndProject
Global
	GlobalSection(SolutionConfigurationPlatforms) = preSolution
		Debug|Any CPU = Debug|Any CPU
		Release|Any CPU = Release|Any CPU
	EndGlobalSection
	GlobalSection(ProjectConfigurationPlatforms) = postSolution
		{FC9F02AC-48BE-4B4A-801F-F9EEFCC9BC6F}.Debug|Any CPU.ActiveCfg = Debug|Any CPU
		{FC9F02AC-48BE-4B4A-801F-F9EEFCC9BC6F}.Debug|Any CPU.Build.0 = Debug|Any CPU
		{FC9F02AC-48BE-4B4A-801F-F9EEFCC9BC6F}.Release|Any CPU.ActiveCfg = Release|Any CPU
		{FC9F02AC-48BE-4B4A-801F-F9EEFCC9BC6F}.Release|Any CPU.Build.0 = Release|Any CPU
		{BCAA977A-5155-4025-AAD6-AB2985515589}.Debug|Any CPU.ActiveCfg = Debug|Any CPU
		{BCAA977A-5155-4025-AAD6-AB2985515589}.Debug|Any CPU.Build.0 = Debug|Any CPU
		{BCAA977A-5155-4025-AAD6-AB2985515589}.Release|Any CPU.ActiveCfg = Release|Any CPU
		{BCAA977A-5155-4025-AAD6-AB2985515589}.Release|Any CPU.Build.0 = Release|Any CPU
		{501B7926-A13B-4510-981D-038422BA6312}.Debug|Any CPU.ActiveCfg = Debug|Any CPU
		{501B7926-A13B-4510-981D-038422BA6312}.Debug|Any CPU.Build.0 = Debug|Any CPU
		{501B7926-A13B-4510-981D-038422BA6312}.Release|Any CPU.ActiveCfg = Release|Any CPU
		{501B7926-A13B-4510-981D-038422BA6312}.Release|Any CPU.Build.0 = Release|Any CPU
	EndGlobalSection
	GlobalSection(SolutionProperties) = preSolution
		HideSolutionNode = FALSE
	EndGlobalSection
	GlobalSection(ExtensibilityGlobals) = postSolution
		SolutionGuid = {5F58DBB6-E38A-4859-B36B-441E532DA4B7}
	EndGlobalSection
EndGlobal
