
Microsoft Visual Studio Solution File, Format Version 12.00
# Visual Studio Version 17
VisualStudioVersion = 17.6.33712.159
MinimumVisualStudioVersion = 10.0.40219.1
Project("{FAE04EC0-301F-11D3-BF4B-00C04F79EFBC}") = "01. Match Full Name", "01. Match Full Name\01. Match Full Name.csproj", "{94FAB62D-C79B-43D1-9342-7DC177E7B969}"
EndProject
Global
	GlobalSection(SolutionConfigurationPlatforms) = preSolution
		Debug|Any CPU = Debug|Any CPU
		Release|Any CPU = Release|Any CPU
	EndGlobalSection
	GlobalSection(ProjectConfigurationPlatforms) = postSolution
		{94FAB62D-C79B-43D1-9342-7DC177E7B969}.Debug|Any CPU.ActiveCfg = Debug|Any CPU
		{94FAB62D-C79B-43D1-9342-7DC177E7B969}.Debug|Any CPU.Build.0 = Debug|Any CPU
		{94FAB62D-C79B-43D1-9342-7DC177E7B969}.Release|Any CPU.ActiveCfg = Release|Any CPU
		{94FAB62D-C79B-43D1-9342-7DC177E7B969}.Release|Any CPU.Build.0 = Release|Any CPU
	EndGlobalSection
	GlobalSection(SolutionProperties) = preSolution
		HideSolutionNode = FALSE
	EndGlobalSection
	GlobalSection(ExtensibilityGlobals) = postSolution
		SolutionGuid = {7118A985-CAD1-4D90-862F-F7C32F890F1A}
	EndGlobalSection
EndGlobal
