
Microsoft Visual Studio Solution File, Format Version 12.00
# Visual Studio Version 17
VisualStudioVersion = 17.9.34616.47
MinimumVisualStudioVersion = 10.0.40219.1
Project("{9A19103F-16F7-4668-BE54-9A1E7A4F7556}") = "01. Define an Interface IPerson", "01. Define an Interface IPerson\01. Define an Interface IPerson.csproj", "{D90A35BE-2467-446B-A07F-A721533B5E20}"
EndProject
Project("{9A19103F-16F7-4668-BE54-9A1E7A4F7556}") = "02. Multiple Implementation", "02. Multiple Implementation\02. Multiple Implementation.csproj", "{371A9A04-F0D1-49D6-A3D3-92F5CBB202C7}"
EndProject
Project("{FAE04EC0-301F-11D3-BF4B-00C04F79EFBC}") = "03. Telephony", "03. Telephony\03. Telephony.csproj", "{F6758073-6764-4224-B1B6-48701ACB2F39}"
EndProject
Global
	GlobalSection(SolutionConfigurationPlatforms) = preSolution
		Debug|Any CPU = Debug|Any CPU
		Release|Any CPU = Release|Any CPU
	EndGlobalSection
	GlobalSection(ProjectConfigurationPlatforms) = postSolution
		{D90A35BE-2467-446B-A07F-A721533B5E20}.Debug|Any CPU.ActiveCfg = Debug|Any CPU
		{D90A35BE-2467-446B-A07F-A721533B5E20}.Debug|Any CPU.Build.0 = Debug|Any CPU
		{D90A35BE-2467-446B-A07F-A721533B5E20}.Release|Any CPU.ActiveCfg = Release|Any CPU
		{D90A35BE-2467-446B-A07F-A721533B5E20}.Release|Any CPU.Build.0 = Release|Any CPU
		{371A9A04-F0D1-49D6-A3D3-92F5CBB202C7}.Debug|Any CPU.ActiveCfg = Debug|Any CPU
		{371A9A04-F0D1-49D6-A3D3-92F5CBB202C7}.Debug|Any CPU.Build.0 = Debug|Any CPU
		{371A9A04-F0D1-49D6-A3D3-92F5CBB202C7}.Release|Any CPU.ActiveCfg = Release|Any CPU
		{371A9A04-F0D1-49D6-A3D3-92F5CBB202C7}.Release|Any CPU.Build.0 = Release|Any CPU
		{F6758073-6764-4224-B1B6-48701ACB2F39}.Debug|Any CPU.ActiveCfg = Debug|Any CPU
		{F6758073-6764-4224-B1B6-48701ACB2F39}.Debug|Any CPU.Build.0 = Debug|Any CPU
		{F6758073-6764-4224-B1B6-48701ACB2F39}.Release|Any CPU.ActiveCfg = Release|Any CPU
		{F6758073-6764-4224-B1B6-48701ACB2F39}.Release|Any CPU.Build.0 = Release|Any CPU
	EndGlobalSection
	GlobalSection(SolutionProperties) = preSolution
		HideSolutionNode = FALSE
	EndGlobalSection
	GlobalSection(ExtensibilityGlobals) = postSolution
		SolutionGuid = {7ABF3C05-F9DC-4824-ABDC-7B5A77EDF3AE}
	EndGlobalSection
EndGlobal
