
Microsoft Visual Studio Solution File, Format Version 12.00
# Visual Studio Version 17
VisualStudioVersion = 17.8.34309.116
MinimumVisualStudioVersion = 10.0.40219.1
Project("{FAE04EC0-301F-11D3-BF4B-00C04F79EFBC}") = "01. Furniture", "01. Furniture\01. Furniture.csproj", "{7B980A13-13F9-4C69-BBDB-3447F95C97FF}"
EndProject
Global
	GlobalSection(SolutionConfigurationPlatforms) = preSolution
		Debug|Any CPU = Debug|Any CPU
		Release|Any CPU = Release|Any CPU
	EndGlobalSection
	GlobalSection(ProjectConfigurationPlatforms) = postSolution
		{7B980A13-13F9-4C69-BBDB-3447F95C97FF}.Debug|Any CPU.ActiveCfg = Debug|Any CPU
		{7B980A13-13F9-4C69-BBDB-3447F95C97FF}.Debug|Any CPU.Build.0 = Debug|Any CPU
		{7B980A13-13F9-4C69-BBDB-3447F95C97FF}.Release|Any CPU.ActiveCfg = Release|Any CPU
		{7B980A13-13F9-4C69-BBDB-3447F95C97FF}.Release|Any CPU.Build.0 = Release|Any CPU
	EndGlobalSection
	GlobalSection(SolutionProperties) = preSolution
		HideSolutionNode = FALSE
	EndGlobalSection
	GlobalSection(ExtensibilityGlobals) = postSolution
		SolutionGuid = {453C0213-A03A-4F44-8AAE-8D99A05653E7}
	EndGlobalSection
EndGlobal
