
Microsoft Visual Studio Solution File, Format Version 12.00
# Visual Studio Version 17
VisualStudioVersion = 17.6.33712.159
MinimumVisualStudioVersion = 10.0.40219.1
Project("{9A19103F-16F7-4668-BE54-9A1E7A4F7556}") = "01. Series Calculator", "01. Series Calculator\01. Series Calculator.csproj", "{2EC24649-E1D3-4E74-A9B6-9EA149DAA95F}"
EndProject
Project("{9A19103F-16F7-4668-BE54-9A1E7A4F7556}") = "02. Skeleton", "02. Skeleton\02. Skeleton.csproj", "{B0BC36D6-3D39-4CED-9F89-ECDAE2F5483F}"
EndProject
Project("{9A19103F-16F7-4668-BE54-9A1E7A4F7556}") = "03. Egg Painting", "03. Egg Painting\03. Egg Painting.csproj", "{D4D70742-45F0-425F-A569-7EDC6C4E56F4}"
EndProject
Project("{9A19103F-16F7-4668-BE54-9A1E7A4F7556}") = "04. Balls", "04. Balls\04. Balls.csproj", "{C08379F3-5ED0-4734-A414-15736835D24A}"
EndProject
Project("{9A19103F-16F7-4668-BE54-9A1E7A4F7556}") = "05. Dog Care", "05. Dog Care\05. Dog Care.csproj", "{CAF0B106-5C57-4B6B-9669-96D767109099}"
EndProject
Project("{9A19103F-16F7-4668-BE54-9A1E7A4F7556}") = "06. Easter Competition", "06. Easter Competition\06. Easter Competition.csproj", "{6FC10F87-187F-45C1-A29D-0A92AB978D69}"
EndProject
Project("{FAE04EC0-301F-11D3-BF4B-00C04F79EFBC}") = "demo", "demo\demo.csproj", "{70AA9CA2-59A5-453D-BDE2-6F413621C887}"
EndProject
Global
	GlobalSection(SolutionConfigurationPlatforms) = preSolution
		Debug|Any CPU = Debug|Any CPU
		Release|Any CPU = Release|Any CPU
	EndGlobalSection
	GlobalSection(ProjectConfigurationPlatforms) = postSolution
		{2EC24649-E1D3-4E74-A9B6-9EA149DAA95F}.Debug|Any CPU.ActiveCfg = Debug|Any CPU
		{2EC24649-E1D3-4E74-A9B6-9EA149DAA95F}.Debug|Any CPU.Build.0 = Debug|Any CPU
		{2EC24649-E1D3-4E74-A9B6-9EA149DAA95F}.Release|Any CPU.ActiveCfg = Release|Any CPU
		{2EC24649-E1D3-4E74-A9B6-9EA149DAA95F}.Release|Any CPU.Build.0 = Release|Any CPU
		{B0BC36D6-3D39-4CED-9F89-ECDAE2F5483F}.Debug|Any CPU.ActiveCfg = Debug|Any CPU
		{B0BC36D6-3D39-4CED-9F89-ECDAE2F5483F}.Debug|Any CPU.Build.0 = Debug|Any CPU
		{B0BC36D6-3D39-4CED-9F89-ECDAE2F5483F}.Release|Any CPU.ActiveCfg = Release|Any CPU
		{B0BC36D6-3D39-4CED-9F89-ECDAE2F5483F}.Release|Any CPU.Build.0 = Release|Any CPU
		{D4D70742-45F0-425F-A569-7EDC6C4E56F4}.Debug|Any CPU.ActiveCfg = Debug|Any CPU
		{D4D70742-45F0-425F-A569-7EDC6C4E56F4}.Debug|Any CPU.Build.0 = Debug|Any CPU
		{D4D70742-45F0-425F-A569-7EDC6C4E56F4}.Release|Any CPU.ActiveCfg = Release|Any CPU
		{D4D70742-45F0-425F-A569-7EDC6C4E56F4}.Release|Any CPU.Build.0 = Release|Any CPU
		{C08379F3-5ED0-4734-A414-15736835D24A}.Debug|Any CPU.ActiveCfg = Debug|Any CPU
		{C08379F3-5ED0-4734-A414-15736835D24A}.Debug|Any CPU.Build.0 = Debug|Any CPU
		{C08379F3-5ED0-4734-A414-15736835D24A}.Release|Any CPU.ActiveCfg = Release|Any CPU
		{C08379F3-5ED0-4734-A414-15736835D24A}.Release|Any CPU.Build.0 = Release|Any CPU
		{CAF0B106-5C57-4B6B-9669-96D767109099}.Debug|Any CPU.ActiveCfg = Debug|Any CPU
		{CAF0B106-5C57-4B6B-9669-96D767109099}.Debug|Any CPU.Build.0 = Debug|Any CPU
		{CAF0B106-5C57-4B6B-9669-96D767109099}.Release|Any CPU.ActiveCfg = Release|Any CPU
		{CAF0B106-5C57-4B6B-9669-96D767109099}.Release|Any CPU.Build.0 = Release|Any CPU
		{6FC10F87-187F-45C1-A29D-0A92AB978D69}.Debug|Any CPU.ActiveCfg = Debug|Any CPU
		{6FC10F87-187F-45C1-A29D-0A92AB978D69}.Debug|Any CPU.Build.0 = Debug|Any CPU
		{6FC10F87-187F-45C1-A29D-0A92AB978D69}.Release|Any CPU.ActiveCfg = Release|Any CPU
		{6FC10F87-187F-45C1-A29D-0A92AB978D69}.Release|Any CPU.Build.0 = Release|Any CPU
		{70AA9CA2-59A5-453D-BDE2-6F413621C887}.Debug|Any CPU.ActiveCfg = Debug|Any CPU
		{70AA9CA2-59A5-453D-BDE2-6F413621C887}.Debug|Any CPU.Build.0 = Debug|Any CPU
		{70AA9CA2-59A5-453D-BDE2-6F413621C887}.Release|Any CPU.ActiveCfg = Release|Any CPU
		{70AA9CA2-59A5-453D-BDE2-6F413621C887}.Release|Any CPU.Build.0 = Release|Any CPU
	EndGlobalSection
	GlobalSection(SolutionProperties) = preSolution
		HideSolutionNode = FALSE
	EndGlobalSection
	GlobalSection(ExtensibilityGlobals) = postSolution
		SolutionGuid = {2D134DF0-8F21-44AD-B051-79CD517EBE17}
	EndGlobalSection
EndGlobal
