
Microsoft Visual Studio Solution File, Format Version 12.00
# Visual Studio Version 17
VisualStudioVersion = 17.8.34408.163
MinimumVisualStudioVersion = 10.0.40219.1
Project("{FAE04EC0-301F-11D3-BF4B-00C04F79EFBC}") = "01. Worms and Holes", "01. Worms and Holes\01. Worms and Holes.csproj", "{E6E4CAF6-B87A-4A0F-8BA2-95517F8B930F}"
EndProject
Global
	GlobalSection(SolutionConfigurationPlatforms) = preSolution
		Debug|Any CPU = Debug|Any CPU
		Release|Any CPU = Release|Any CPU
	EndGlobalSection
	GlobalSection(ProjectConfigurationPlatforms) = postSolution
		{E6E4CAF6-B87A-4A0F-8BA2-95517F8B930F}.Debug|Any CPU.ActiveCfg = Debug|Any CPU
		{E6E4CAF6-B87A-4A0F-8BA2-95517F8B930F}.Debug|Any CPU.Build.0 = Debug|Any CPU
		{E6E4CAF6-B87A-4A0F-8BA2-95517F8B930F}.Release|Any CPU.ActiveCfg = Release|Any CPU
		{E6E4CAF6-B87A-4A0F-8BA2-95517F8B930F}.Release|Any CPU.Build.0 = Release|Any CPU
	EndGlobalSection
	GlobalSection(SolutionProperties) = preSolution
		HideSolutionNode = FALSE
	EndGlobalSection
	GlobalSection(ExtensibilityGlobals) = postSolution
		SolutionGuid = {61ABE32F-E109-4900-B98C-EF06F1442947}
	EndGlobalSection
EndGlobal
