
Microsoft Visual Studio Solution File, Format Version 12.00
# Visual Studio Version 17
VisualStudioVersion = 17.6.33712.159
MinimumVisualStudioVersion = 10.0.40219.1
Project("{9A19103F-16F7-4668-BE54-9A1E7A4F7556}") = "01. Match Tickets", "01. Match Tickets\01. Match Tickets.csproj", "{9BE88C91-71B3-4DC1-86B0-6C85DAE70EE8}"
EndProject
Project("{9A19103F-16F7-4668-BE54-9A1E7A4F7556}") = "02. Bike Race", "02. Bike Race\02. Bike Race.csproj", "{19EAB3EF-EA65-4A20-9432-C3B2A21FCDDF}"
EndProject
Project("{9A19103F-16F7-4668-BE54-9A1E7A4F7556}") = "03. Flowers", "03. Flowers\03. Flowers.csproj", "{6E8AB466-A0C1-4D34-87DE-BD64DE214A0A}"
EndProject
Project("{9A19103F-16F7-4668-BE54-9A1E7A4F7556}") = "04. Car to Go", "04. Car to Go\04. Car to Go.csproj", "{958B3E03-4827-4F3C-8923-77D3AE3BE38A}"
EndProject
Project("{9A19103F-16F7-4668-BE54-9A1E7A4F7556}") = "05. Vacation", "05. Vacation\05. Vacation.csproj", "{1B2179CF-136E-4589-A3D8-B4195E7F3BF4}"
EndProject
Project("{9A19103F-16F7-4668-BE54-9A1E7A4F7556}") = "06. Truck Driver", "06. Truck Driver\06. Truck Driver.csproj", "{F9350AD3-8BB2-468B-BACC-E66330CB25D4}"
EndProject
Project("{9A19103F-16F7-4668-BE54-9A1E7A4F7556}") = "07. School Camp", "07. School Camp\07. School Camp.csproj", "{C67FE1C6-A047-40E4-AFA3-4080BDF524A4}"
EndProject
Project("{9A19103F-16F7-4668-BE54-9A1E7A4F7556}") = "08. Point on Rectangle Border", "08. Point on Rectangle Border\08. Point on Rectangle Border.csproj", "{57B1DC48-8F6A-459B-9ADC-02CA1EB58CD1}"
EndProject
Project("{FAE04EC0-301F-11D3-BF4B-00C04F79EFBC}") = "09. Num 1-10", "09. Num 1-10\09. Num 1-10.csproj", "{583F07AA-6B15-493D-9ABE-DCB9E90FBB5F}"
EndProject
Project("{FAE04EC0-301F-11D3-BF4B-00C04F79EFBC}") = "10. Multiply by 2", "10. Multiply by 2\10. Multiply by 2.csproj", "{26363AA9-465B-4560-89FB-6CA29196F180}"
EndProject
Global
	GlobalSection(SolutionConfigurationPlatforms) = preSolution
		Debug|Any CPU = Debug|Any CPU
		Release|Any CPU = Release|Any CPU
	EndGlobalSection
	GlobalSection(ProjectConfigurationPlatforms) = postSolution
		{9BE88C91-71B3-4DC1-86B0-6C85DAE70EE8}.Debug|Any CPU.ActiveCfg = Debug|Any CPU
		{9BE88C91-71B3-4DC1-86B0-6C85DAE70EE8}.Debug|Any CPU.Build.0 = Debug|Any CPU
		{9BE88C91-71B3-4DC1-86B0-6C85DAE70EE8}.Release|Any CPU.ActiveCfg = Release|Any CPU
		{9BE88C91-71B3-4DC1-86B0-6C85DAE70EE8}.Release|Any CPU.Build.0 = Release|Any CPU
		{19EAB3EF-EA65-4A20-9432-C3B2A21FCDDF}.Debug|Any CPU.ActiveCfg = Debug|Any CPU
		{19EAB3EF-EA65-4A20-9432-C3B2A21FCDDF}.Debug|Any CPU.Build.0 = Debug|Any CPU
		{19EAB3EF-EA65-4A20-9432-C3B2A21FCDDF}.Release|Any CPU.ActiveCfg = Release|Any CPU
		{19EAB3EF-EA65-4A20-9432-C3B2A21FCDDF}.Release|Any CPU.Build.0 = Release|Any CPU
		{6E8AB466-A0C1-4D34-87DE-BD64DE214A0A}.Debug|Any CPU.ActiveCfg = Debug|Any CPU
		{6E8AB466-A0C1-4D34-87DE-BD64DE214A0A}.Debug|Any CPU.Build.0 = Debug|Any CPU
		{6E8AB466-A0C1-4D34-87DE-BD64DE214A0A}.Release|Any CPU.ActiveCfg = Release|Any CPU
		{6E8AB466-A0C1-4D34-87DE-BD64DE214A0A}.Release|Any CPU.Build.0 = Release|Any CPU
		{958B3E03-4827-4F3C-8923-77D3AE3BE38A}.Debug|Any CPU.ActiveCfg = Debug|Any CPU
		{958B3E03-4827-4F3C-8923-77D3AE3BE38A}.Debug|Any CPU.Build.0 = Debug|Any CPU
		{958B3E03-4827-4F3C-8923-77D3AE3BE38A}.Release|Any CPU.ActiveCfg = Release|Any CPU
		{958B3E03-4827-4F3C-8923-77D3AE3BE38A}.Release|Any CPU.Build.0 = Release|Any CPU
		{1B2179CF-136E-4589-A3D8-B4195E7F3BF4}.Debug|Any CPU.ActiveCfg = Debug|Any CPU
		{1B2179CF-136E-4589-A3D8-B4195E7F3BF4}.Debug|Any CPU.Build.0 = Debug|Any CPU
		{1B2179CF-136E-4589-A3D8-B4195E7F3BF4}.Release|Any CPU.ActiveCfg = Release|Any CPU
		{1B2179CF-136E-4589-A3D8-B4195E7F3BF4}.Release|Any CPU.Build.0 = Release|Any CPU
		{F9350AD3-8BB2-468B-BACC-E66330CB25D4}.Debug|Any CPU.ActiveCfg = Debug|Any CPU
		{F9350AD3-8BB2-468B-BACC-E66330CB25D4}.Debug|Any CPU.Build.0 = Debug|Any CPU
		{F9350AD3-8BB2-468B-BACC-E66330CB25D4}.Release|Any CPU.ActiveCfg = Release|Any CPU
		{F9350AD3-8BB2-468B-BACC-E66330CB25D4}.Release|Any CPU.Build.0 = Release|Any CPU
		{C67FE1C6-A047-40E4-AFA3-4080BDF524A4}.Debug|Any CPU.ActiveCfg = Debug|Any CPU
		{C67FE1C6-A047-40E4-AFA3-4080BDF524A4}.Debug|Any CPU.Build.0 = Debug|Any CPU
		{C67FE1C6-A047-40E4-AFA3-4080BDF524A4}.Release|Any CPU.ActiveCfg = Release|Any CPU
		{C67FE1C6-A047-40E4-AFA3-4080BDF524A4}.Release|Any CPU.Build.0 = Release|Any CPU
		{57B1DC48-8F6A-459B-9ADC-02CA1EB58CD1}.Debug|Any CPU.ActiveCfg = Debug|Any CPU
		{57B1DC48-8F6A-459B-9ADC-02CA1EB58CD1}.Debug|Any CPU.Build.0 = Debug|Any CPU
		{57B1DC48-8F6A-459B-9ADC-02CA1EB58CD1}.Release|Any CPU.ActiveCfg = Release|Any CPU
		{57B1DC48-8F6A-459B-9ADC-02CA1EB58CD1}.Release|Any CPU.Build.0 = Release|Any CPU
		{583F07AA-6B15-493D-9ABE-DCB9E90FBB5F}.Debug|Any CPU.ActiveCfg = Debug|Any CPU
		{583F07AA-6B15-493D-9ABE-DCB9E90FBB5F}.Debug|Any CPU.Build.0 = Debug|Any CPU
		{583F07AA-6B15-493D-9ABE-DCB9E90FBB5F}.Release|Any CPU.ActiveCfg = Release|Any CPU
		{583F07AA-6B15-493D-9ABE-DCB9E90FBB5F}.Release|Any CPU.Build.0 = Release|Any CPU
		{26363AA9-465B-4560-89FB-6CA29196F180}.Debug|Any CPU.ActiveCfg = Debug|Any CPU
		{26363AA9-465B-4560-89FB-6CA29196F180}.Debug|Any CPU.Build.0 = Debug|Any CPU
		{26363AA9-465B-4560-89FB-6CA29196F180}.Release|Any CPU.ActiveCfg = Release|Any CPU
		{26363AA9-465B-4560-89FB-6CA29196F180}.Release|Any CPU.Build.0 = Release|Any CPU
	EndGlobalSection
	GlobalSection(SolutionProperties) = preSolution
		HideSolutionNode = FALSE
	EndGlobalSection
	GlobalSection(ExtensibilityGlobals) = postSolution
		SolutionGuid = {8FDFC33A-6538-4F06-874C-F971923A6901}
	EndGlobalSection
EndGlobal
