
Microsoft Visual Studio Solution File, Format Version 12.00
# Visual Studio Version 17
VisualStudioVersion = 17.6.33712.159
MinimumVisualStudioVersion = 10.0.40219.1
Project("{FAE04EC0-301F-11D3-BF4B-00C04F79EFBC}") = "01. Smallest of Three Numbers", "01. Smallest of Three Numbers\01. Smallest of Three Numbers.csproj", "{A43F50BD-148F-407D-BA7E-8DBD0A30D418}"
EndProject
Project("{FAE04EC0-301F-11D3-BF4B-00C04F79EFBC}") = "02. Vowels Count", "02. Vowels Count\02. Vowels Count.csproj", "{F1226D72-E0C2-48BD-9ACF-A62A78569F6B}"
EndProject
Project("{FAE04EC0-301F-11D3-BF4B-00C04F79EFBC}") = "03. Characters in Range", "03. Characters in Range\03. Characters in Range.csproj", "{78016991-CDCB-4D73-ADD7-BB895C949D91}"
EndProject
Project("{FAE04EC0-301F-11D3-BF4B-00C04F79EFBC}") = "04. Password Validator", "04. Password Validator\04. Password Validator.csproj", "{E73B1367-03B1-4BF8-A90C-87D1419BEE5B}"
EndProject
Project("{FAE04EC0-301F-11D3-BF4B-00C04F79EFBC}") = "5. Add and Subtract", "5. Add and Subtract\5. Add and Subtract.csproj", "{B84D1A96-C41A-40CE-B301-2ED54AC072EF}"
EndProject
Project("{FAE04EC0-301F-11D3-BF4B-00C04F79EFBC}") = "06. Middle Characters", "06. Middle Characters\06. Middle Characters.csproj", "{ECC89136-570B-4358-BB0D-22E2DACA83FD}"
EndProject
Global
	GlobalSection(SolutionConfigurationPlatforms) = preSolution
		Debug|Any CPU = Debug|Any CPU
		Release|Any CPU = Release|Any CPU
	EndGlobalSection
	GlobalSection(ProjectConfigurationPlatforms) = postSolution
		{A43F50BD-148F-407D-BA7E-8DBD0A30D418}.Debug|Any CPU.ActiveCfg = Debug|Any CPU
		{A43F50BD-148F-407D-BA7E-8DBD0A30D418}.Debug|Any CPU.Build.0 = Debug|Any CPU
		{A43F50BD-148F-407D-BA7E-8DBD0A30D418}.Release|Any CPU.ActiveCfg = Release|Any CPU
		{A43F50BD-148F-407D-BA7E-8DBD0A30D418}.Release|Any CPU.Build.0 = Release|Any CPU
		{F1226D72-E0C2-48BD-9ACF-A62A78569F6B}.Debug|Any CPU.ActiveCfg = Debug|Any CPU
		{F1226D72-E0C2-48BD-9ACF-A62A78569F6B}.Debug|Any CPU.Build.0 = Debug|Any CPU
		{F1226D72-E0C2-48BD-9ACF-A62A78569F6B}.Release|Any CPU.ActiveCfg = Release|Any CPU
		{F1226D72-E0C2-48BD-9ACF-A62A78569F6B}.Release|Any CPU.Build.0 = Release|Any CPU
		{78016991-CDCB-4D73-ADD7-BB895C949D91}.Debug|Any CPU.ActiveCfg = Debug|Any CPU
		{78016991-CDCB-4D73-ADD7-BB895C949D91}.Debug|Any CPU.Build.0 = Debug|Any CPU
		{78016991-CDCB-4D73-ADD7-BB895C949D91}.Release|Any CPU.ActiveCfg = Release|Any CPU
		{78016991-CDCB-4D73-ADD7-BB895C949D91}.Release|Any CPU.Build.0 = Release|Any CPU
		{E73B1367-03B1-4BF8-A90C-87D1419BEE5B}.Debug|Any CPU.ActiveCfg = Debug|Any CPU
		{E73B1367-03B1-4BF8-A90C-87D1419BEE5B}.Debug|Any CPU.Build.0 = Debug|Any CPU
		{E73B1367-03B1-4BF8-A90C-87D1419BEE5B}.Release|Any CPU.ActiveCfg = Release|Any CPU
		{E73B1367-03B1-4BF8-A90C-87D1419BEE5B}.Release|Any CPU.Build.0 = Release|Any CPU
		{B84D1A96-C41A-40CE-B301-2ED54AC072EF}.Debug|Any CPU.ActiveCfg = Debug|Any CPU
		{B84D1A96-C41A-40CE-B301-2ED54AC072EF}.Debug|Any CPU.Build.0 = Debug|Any CPU
		{B84D1A96-C41A-40CE-B301-2ED54AC072EF}.Release|Any CPU.ActiveCfg = Release|Any CPU
		{B84D1A96-C41A-40CE-B301-2ED54AC072EF}.Release|Any CPU.Build.0 = Release|Any CPU
		{ECC89136-570B-4358-BB0D-22E2DACA83FD}.Debug|Any CPU.ActiveCfg = Debug|Any CPU
		{ECC89136-570B-4358-BB0D-22E2DACA83FD}.Debug|Any CPU.Build.0 = Debug|Any CPU
		{ECC89136-570B-4358-BB0D-22E2DACA83FD}.Release|Any CPU.ActiveCfg = Release|Any CPU
		{ECC89136-570B-4358-BB0D-22E2DACA83FD}.Release|Any CPU.Build.0 = Release|Any CPU
	EndGlobalSection
	GlobalSection(SolutionProperties) = preSolution
		HideSolutionNode = FALSE
	EndGlobalSection
	GlobalSection(ExtensibilityGlobals) = postSolution
		SolutionGuid = {43DC8B0A-ADA6-48AA-8FD7-152B0CFBCAFC}
	EndGlobalSection
EndGlobal
