
Microsoft Visual Studio Solution File, Format Version 12.00
# Visual Studio Version 17
VisualStudioVersion = 17.8.34408.163
MinimumVisualStudioVersion = 10.0.40219.1
Project("{9A19103F-16F7-4668-BE54-9A1E7A4F7556}") = "01. Library", "01. Library\01. Library.csproj", "{C7A9A493-C0CE-418B-8BB7-B6D31B7FF9EB}"
EndProject
Project("{FAE04EC0-301F-11D3-BF4B-00C04F79EFBC}") = "demo", "demo\demo.csproj", "{1D852718-8715-4F93-9B85-CEACF99D401C}"
EndProject
Global
	GlobalSection(SolutionConfigurationPlatforms) = preSolution
		Debug|Any CPU = Debug|Any CPU
		Release|Any CPU = Release|Any CPU
	EndGlobalSection
	GlobalSection(ProjectConfigurationPlatforms) = postSolution
		{C7A9A493-C0CE-418B-8BB7-B6D31B7FF9EB}.Debug|Any CPU.ActiveCfg = Debug|Any CPU
		{C7A9A493-C0CE-418B-8BB7-B6D31B7FF9EB}.Debug|Any CPU.Build.0 = Debug|Any CPU
		{C7A9A493-C0CE-418B-8BB7-B6D31B7FF9EB}.Release|Any CPU.ActiveCfg = Release|Any CPU
		{C7A9A493-C0CE-418B-8BB7-B6D31B7FF9EB}.Release|Any CPU.Build.0 = Release|Any CPU
		{1D852718-8715-4F93-9B85-CEACF99D401C}.Debug|Any CPU.ActiveCfg = Debug|Any CPU
		{1D852718-8715-4F93-9B85-CEACF99D401C}.Debug|Any CPU.Build.0 = Debug|Any CPU
		{1D852718-8715-4F93-9B85-CEACF99D401C}.Release|Any CPU.ActiveCfg = Release|Any CPU
		{1D852718-8715-4F93-9B85-CEACF99D401C}.Release|Any CPU.Build.0 = Release|Any CPU
	EndGlobalSection
	GlobalSection(SolutionProperties) = preSolution
		HideSolutionNode = FALSE
	EndGlobalSection
	GlobalSection(ExtensibilityGlobals) = postSolution
		SolutionGuid = {E0223686-018C-4135-A702-9653264ECE7E}
	EndGlobalSection
EndGlobal
