
Microsoft Visual Studio Solution File, Format Version 12.00
# Visual Studio Version 17
VisualStudioVersion = 17.8.34408.163
MinimumVisualStudioVersion = 10.0.40219.1
Project("{9A19103F-16F7-4668-BE54-9A1E7A4F7556}") = "01. Library", "01. Library\01. Library.csproj", "{C7A9A493-C0CE-418B-8BB7-B6D31B7FF9EB}"
EndProject
Project("{9A19103F-16F7-4668-BE54-9A1E7A4F7556}") = "IteratorsAndComparators", "IteratorsAndComparators\IteratorsAndComparators.csproj", "{F0130552-AEAE-4225-9296-8C9082A66EBA}"
EndProject
Project("{9A19103F-16F7-4668-BE54-9A1E7A4F7556}") = "02. Library Iterator", "02. Library Iterator\02. Library Iterator.csproj", "{96091DD4-C5C5-4ED5-ADAC-87A4269FE940}"
EndProject
Project("{FAE04EC0-301F-11D3-BF4B-00C04F79EFBC}") = "03. ComparableBook", "03. ComparableBook\03. ComparableBook.csproj", "{209A2257-9CA7-4745-8998-79FEF85C0FB3}"
EndProject
Global
	GlobalSection(SolutionConfigurationPlatforms) = preSolution
		Debug|Any CPU = Debug|Any CPU
		Release|Any CPU = Release|Any CPU
	EndGlobalSection
	GlobalSection(ProjectConfigurationPlatforms) = postSolution
		{C7A9A493-C0CE-418B-8BB7-B6D31B7FF9EB}.Debug|Any CPU.ActiveCfg = Debug|Any CPU
		{C7A9A493-C0CE-418B-8BB7-B6D31B7FF9EB}.Debug|Any CPU.Build.0 = Debug|Any CPU
		{C7A9A493-C0CE-418B-8BB7-B6D31B7FF9EB}.Release|Any CPU.ActiveCfg = Release|Any CPU
		{C7A9A493-C0CE-418B-8BB7-B6D31B7FF9EB}.Release|Any CPU.Build.0 = Release|Any CPU
		{F0130552-AEAE-4225-9296-8C9082A66EBA}.Debug|Any CPU.ActiveCfg = Debug|Any CPU
		{F0130552-AEAE-4225-9296-8C9082A66EBA}.Debug|Any CPU.Build.0 = Debug|Any CPU
		{F0130552-AEAE-4225-9296-8C9082A66EBA}.Release|Any CPU.ActiveCfg = Release|Any CPU
		{F0130552-AEAE-4225-9296-8C9082A66EBA}.Release|Any CPU.Build.0 = Release|Any CPU
		{96091DD4-C5C5-4ED5-ADAC-87A4269FE940}.Debug|Any CPU.ActiveCfg = Debug|Any CPU
		{96091DD4-C5C5-4ED5-ADAC-87A4269FE940}.Debug|Any CPU.Build.0 = Debug|Any CPU
		{96091DD4-C5C5-4ED5-ADAC-87A4269FE940}.Release|Any CPU.ActiveCfg = Release|Any CPU
		{96091DD4-C5C5-4ED5-ADAC-87A4269FE940}.Release|Any CPU.Build.0 = Release|Any CPU
		{209A2257-9CA7-4745-8998-79FEF85C0FB3}.Debug|Any CPU.ActiveCfg = Debug|Any CPU
		{209A2257-9CA7-4745-8998-79FEF85C0FB3}.Debug|Any CPU.Build.0 = Debug|Any CPU
		{209A2257-9CA7-4745-8998-79FEF85C0FB3}.Release|Any CPU.ActiveCfg = Release|Any CPU
		{209A2257-9CA7-4745-8998-79FEF85C0FB3}.Release|Any CPU.Build.0 = Release|Any CPU
	EndGlobalSection
	GlobalSection(SolutionProperties) = preSolution
		HideSolutionNode = FALSE
	EndGlobalSection
	GlobalSection(ExtensibilityGlobals) = postSolution
		SolutionGuid = {E0223686-018C-4135-A702-9653264ECE7E}
	EndGlobalSection
EndGlobal
