
Microsoft Visual Studio Solution File, Format Version 12.00
# Visual Studio Version 17
VisualStudioVersion = 17.9.34723.18
MinimumVisualStudioVersion = 10.0.40219.1
Project("{9A19103F-16F7-4668-BE54-9A1E7A4F7556}") = "01. Command Pattern", "01. Command Pattern\01. Command Pattern.csproj", "{FFFB1FF4-A28B-4120-8481-8D2946F996FB}"
EndProject
Project("{FAE04EC0-301F-11D3-BF4B-00C04F79EFBC}") = "02. Validation Attributes", "02. Validation Attributes\02. Validation Attributes.csproj", "{64BB5B0B-7862-468E-8C98-90200CBD36C0}"
EndProject
Global
	GlobalSection(SolutionConfigurationPlatforms) = preSolution
		Debug|Any CPU = Debug|Any CPU
		Release|Any CPU = Release|Any CPU
	EndGlobalSection
	GlobalSection(ProjectConfigurationPlatforms) = postSolution
		{FFFB1FF4-A28B-4120-8481-8D2946F996FB}.Debug|Any CPU.ActiveCfg = Debug|Any CPU
		{FFFB1FF4-A28B-4120-8481-8D2946F996FB}.Debug|Any CPU.Build.0 = Debug|Any CPU
		{FFFB1FF4-A28B-4120-8481-8D2946F996FB}.Release|Any CPU.ActiveCfg = Release|Any CPU
		{FFFB1FF4-A28B-4120-8481-8D2946F996FB}.Release|Any CPU.Build.0 = Release|Any CPU
		{64BB5B0B-7862-468E-8C98-90200CBD36C0}.Debug|Any CPU.ActiveCfg = Debug|Any CPU
		{64BB5B0B-7862-468E-8C98-90200CBD36C0}.Debug|Any CPU.Build.0 = Debug|Any CPU
		{64BB5B0B-7862-468E-8C98-90200CBD36C0}.Release|Any CPU.ActiveCfg = Release|Any CPU
		{64BB5B0B-7862-468E-8C98-90200CBD36C0}.Release|Any CPU.Build.0 = Release|Any CPU
	EndGlobalSection
	GlobalSection(SolutionProperties) = preSolution
		HideSolutionNode = FALSE
	EndGlobalSection
	GlobalSection(ExtensibilityGlobals) = postSolution
		SolutionGuid = {87924C1D-7531-4DF8-8B50-28543AB519B7}
	EndGlobalSection
EndGlobal
