
Microsoft Visual Studio Solution File, Format Version 12.00
# Visual Studio Version 17
VisualStudioVersion = 17.8.34408.163
MinimumVisualStudioVersion = 10.0.40219.1
Project("{FAE04EC0-301F-11D3-BF4B-00C04F79EFBC}") = "Implementing Linked List", "Implementing Linked List\Implementing Linked List.csproj", "{6FD6F5C2-5AF0-41E4-9624-837EA7C3C372}"
EndProject
Project("{FAE04EC0-301F-11D3-BF4B-00C04F79EFBC}") = "Stack and Queue", "Stack and Queue\Stack and Queue.csproj", "{BF0275E0-ED86-49FE-A1F1-BA46736852A0}"
EndProject
Global
	GlobalSection(SolutionConfigurationPlatforms) = preSolution
		Debug|Any CPU = Debug|Any CPU
		Release|Any CPU = Release|Any CPU
	EndGlobalSection
	GlobalSection(ProjectConfigurationPlatforms) = postSolution
		{6FD6F5C2-5AF0-41E4-9624-837EA7C3C372}.Debug|Any CPU.ActiveCfg = Debug|Any CPU
		{6FD6F5C2-5AF0-41E4-9624-837EA7C3C372}.Debug|Any CPU.Build.0 = Debug|Any CPU
		{6FD6F5C2-5AF0-41E4-9624-837EA7C3C372}.Release|Any CPU.ActiveCfg = Release|Any CPU
		{6FD6F5C2-5AF0-41E4-9624-837EA7C3C372}.Release|Any CPU.Build.0 = Release|Any CPU
		{BF0275E0-ED86-49FE-A1F1-BA46736852A0}.Debug|Any CPU.ActiveCfg = Debug|Any CPU
		{BF0275E0-ED86-49FE-A1F1-BA46736852A0}.Debug|Any CPU.Build.0 = Debug|Any CPU
		{BF0275E0-ED86-49FE-A1F1-BA46736852A0}.Release|Any CPU.ActiveCfg = Release|Any CPU
		{BF0275E0-ED86-49FE-A1F1-BA46736852A0}.Release|Any CPU.Build.0 = Release|Any CPU
	EndGlobalSection
	GlobalSection(SolutionProperties) = preSolution
		HideSolutionNode = FALSE
	EndGlobalSection
	GlobalSection(ExtensibilityGlobals) = postSolution
		SolutionGuid = {D2C8554F-DB38-4DB9-B1A4-E86CD2820679}
	EndGlobalSection
EndGlobal
