
Microsoft Visual Studio Solution File, Format Version 12.00
# Visual Studio Version 17
VisualStudioVersion = 17.6.33712.159
MinimumVisualStudioVersion = 10.0.40219.1
Project("{9A19103F-16F7-4668-BE54-9A1E7A4F7556}") = "01. Sum Adjacent Equal Numbers", "01. Sum Adjacent Equal Numbers\01. Sum Adjacent Equal Numbers.csproj", "{53ABA8C0-7A41-4708-ABF0-88EB284960F8}"
EndProject
Project("{9A19103F-16F7-4668-BE54-9A1E7A4F7556}") = "demo", "demo\demo.csproj", "{A1C67EE0-37CB-481B-AD80-699498BA4361}"
EndProject
Project("{9A19103F-16F7-4668-BE54-9A1E7A4F7556}") = "02. Gauss' Trick", "02. Gauss' Trick\02. Gauss' Trick.csproj", "{6247917C-87BF-4AC6-A757-3194525105D9}"
EndProject
Project("{9A19103F-16F7-4668-BE54-9A1E7A4F7556}") = "03. Merging Lists", "03. Merging Lists\03. Merging Lists.csproj", "{527B1F89-3151-4ED5-B27F-4A9966450744}"
EndProject
Project("{9A19103F-16F7-4668-BE54-9A1E7A4F7556}") = "04. List of Products", "04. List of Products\04. List of Products.csproj", "{9F6B2BED-9B5E-4A9A-8C90-566E89C30393}"
EndProject
Project("{9A19103F-16F7-4668-BE54-9A1E7A4F7556}") = "05. Remove Negatives and Reverse", "05. Remove Negatives and Reverse\05. Remove Negatives and Reverse.csproj", "{860F7DEF-EC34-464C-B894-6008762383F5}"
EndProject
Project("{9A19103F-16F7-4668-BE54-9A1E7A4F7556}") = "06. List Manipulation Basics", "06. List Manipulation Basics\06. List Manipulation Basics.csproj", "{1D4C6CDB-447D-4919-8F8E-2FAF82F9D625}"
EndProject
Project("{FAE04EC0-301F-11D3-BF4B-00C04F79EFBC}") = "07. List Manipulation Advanced", "07. List Manipulation Advanced\07. List Manipulation Advanced.csproj", "{C604AAC7-EC5E-4BF3-9DAD-57C1E5E312B6}"
EndProject
Global
	GlobalSection(SolutionConfigurationPlatforms) = preSolution
		Debug|Any CPU = Debug|Any CPU
		Release|Any CPU = Release|Any CPU
	EndGlobalSection
	GlobalSection(ProjectConfigurationPlatforms) = postSolution
		{53ABA8C0-7A41-4708-ABF0-88EB284960F8}.Debug|Any CPU.ActiveCfg = Debug|Any CPU
		{53ABA8C0-7A41-4708-ABF0-88EB284960F8}.Debug|Any CPU.Build.0 = Debug|Any CPU
		{53ABA8C0-7A41-4708-ABF0-88EB284960F8}.Release|Any CPU.ActiveCfg = Release|Any CPU
		{53ABA8C0-7A41-4708-ABF0-88EB284960F8}.Release|Any CPU.Build.0 = Release|Any CPU
		{A1C67EE0-37CB-481B-AD80-699498BA4361}.Debug|Any CPU.ActiveCfg = Debug|Any CPU
		{A1C67EE0-37CB-481B-AD80-699498BA4361}.Debug|Any CPU.Build.0 = Debug|Any CPU
		{A1C67EE0-37CB-481B-AD80-699498BA4361}.Release|Any CPU.ActiveCfg = Release|Any CPU
		{A1C67EE0-37CB-481B-AD80-699498BA4361}.Release|Any CPU.Build.0 = Release|Any CPU
		{6247917C-87BF-4AC6-A757-3194525105D9}.Debug|Any CPU.ActiveCfg = Debug|Any CPU
		{6247917C-87BF-4AC6-A757-3194525105D9}.Debug|Any CPU.Build.0 = Debug|Any CPU
		{6247917C-87BF-4AC6-A757-3194525105D9}.Release|Any CPU.ActiveCfg = Release|Any CPU
		{6247917C-87BF-4AC6-A757-3194525105D9}.Release|Any CPU.Build.0 = Release|Any CPU
		{527B1F89-3151-4ED5-B27F-4A9966450744}.Debug|Any CPU.ActiveCfg = Debug|Any CPU
		{527B1F89-3151-4ED5-B27F-4A9966450744}.Debug|Any CPU.Build.0 = Debug|Any CPU
		{527B1F89-3151-4ED5-B27F-4A9966450744}.Release|Any CPU.ActiveCfg = Release|Any CPU
		{527B1F89-3151-4ED5-B27F-4A9966450744}.Release|Any CPU.Build.0 = Release|Any CPU
		{9F6B2BED-9B5E-4A9A-8C90-566E89C30393}.Debug|Any CPU.ActiveCfg = Debug|Any CPU
		{9F6B2BED-9B5E-4A9A-8C90-566E89C30393}.Debug|Any CPU.Build.0 = Debug|Any CPU
		{9F6B2BED-9B5E-4A9A-8C90-566E89C30393}.Release|Any CPU.ActiveCfg = Release|Any CPU
		{9F6B2BED-9B5E-4A9A-8C90-566E89C30393}.Release|Any CPU.Build.0 = Release|Any CPU
		{860F7DEF-EC34-464C-B894-6008762383F5}.Debug|Any CPU.ActiveCfg = Debug|Any CPU
		{860F7DEF-EC34-464C-B894-6008762383F5}.Debug|Any CPU.Build.0 = Debug|Any CPU
		{860F7DEF-EC34-464C-B894-6008762383F5}.Release|Any CPU.ActiveCfg = Release|Any CPU
		{860F7DEF-EC34-464C-B894-6008762383F5}.Release|Any CPU.Build.0 = Release|Any CPU
		{1D4C6CDB-447D-4919-8F8E-2FAF82F9D625}.Debug|Any CPU.ActiveCfg = Debug|Any CPU
		{1D4C6CDB-447D-4919-8F8E-2FAF82F9D625}.Debug|Any CPU.Build.0 = Debug|Any CPU
		{1D4C6CDB-447D-4919-8F8E-2FAF82F9D625}.Release|Any CPU.ActiveCfg = Release|Any CPU
		{1D4C6CDB-447D-4919-8F8E-2FAF82F9D625}.Release|Any CPU.Build.0 = Release|Any CPU
		{C604AAC7-EC5E-4BF3-9DAD-57C1E5E312B6}.Debug|Any CPU.ActiveCfg = Debug|Any CPU
		{C604AAC7-EC5E-4BF3-9DAD-57C1E5E312B6}.Debug|Any CPU.Build.0 = Debug|Any CPU
		{C604AAC7-EC5E-4BF3-9DAD-57C1E5E312B6}.Release|Any CPU.ActiveCfg = Release|Any CPU
		{C604AAC7-EC5E-4BF3-9DAD-57C1E5E312B6}.Release|Any CPU.Build.0 = Release|Any CPU
	EndGlobalSection
	GlobalSection(SolutionProperties) = preSolution
		HideSolutionNode = FALSE
	EndGlobalSection
	GlobalSection(ExtensibilityGlobals) = postSolution
		SolutionGuid = {1810DA14-F3BC-47C6-A3FD-F1B69C4279BC}
	EndGlobalSection
EndGlobal
