
Microsoft Visual Studio Solution File, Format Version 12.00
# Visual Studio Version 17
VisualStudioVersion = 17.8.34408.163
MinimumVisualStudioVersion = 10.0.40219.1
Project("{9A19103F-16F7-4668-BE54-9A1E7A4F7556}") = "01. Basic Stack Operations", "01. Basic Stack Operations\01. Basic Stack Operations.csproj", "{DE2F918C-72D4-4993-89B0-D61870D5689B}"
EndProject
Project("{9A19103F-16F7-4668-BE54-9A1E7A4F7556}") = "02. Basic Queue Operations", "02. Basic Queue Operations\02. Basic Queue Operations.csproj", "{791DB284-EBBC-451B-86C1-8B8D48B33957}"
EndProject
Project("{9A19103F-16F7-4668-BE54-9A1E7A4F7556}") = "03. Maximum and Minimum Element", "03. Maximum and Minimum Element\03. Maximum and Minimum Element.csproj", "{982549ED-2EDD-4F51-A65B-9476F0A7101D}"
EndProject
Project("{9A19103F-16F7-4668-BE54-9A1E7A4F7556}") = "04. Fast Food", "04. Fast Food\04. Fast Food.csproj", "{90A2DE94-9B78-4D0A-AD2D-B83CB455BA4A}"
EndProject
Project("{9A19103F-16F7-4668-BE54-9A1E7A4F7556}") = "05. Fashion Boutique", "05. Fashion Boutique\05. Fashion Boutique.csproj", "{233C99C0-76B5-4EB7-B1A0-504451303444}"
EndProject
Project("{9A19103F-16F7-4668-BE54-9A1E7A4F7556}") = "06. Songs Queue", "06. Songs Queue\06. Songs Queue.csproj", "{9839CAE7-A0F5-409F-B233-7A5BCEED5BDA}"
EndProject
Project("{FAE04EC0-301F-11D3-BF4B-00C04F79EFBC}") = "07. Truck Tour", "07. Truck Tour\07. Truck Tour.csproj", "{586F18A1-169E-4786-AE31-4A28F0C4CE56}"
EndProject
Global
	GlobalSection(SolutionConfigurationPlatforms) = preSolution
		Debug|Any CPU = Debug|Any CPU
		Release|Any CPU = Release|Any CPU
	EndGlobalSection
	GlobalSection(ProjectConfigurationPlatforms) = postSolution
		{DE2F918C-72D4-4993-89B0-D61870D5689B}.Debug|Any CPU.ActiveCfg = Debug|Any CPU
		{DE2F918C-72D4-4993-89B0-D61870D5689B}.Debug|Any CPU.Build.0 = Debug|Any CPU
		{DE2F918C-72D4-4993-89B0-D61870D5689B}.Release|Any CPU.ActiveCfg = Release|Any CPU
		{DE2F918C-72D4-4993-89B0-D61870D5689B}.Release|Any CPU.Build.0 = Release|Any CPU
		{791DB284-EBBC-451B-86C1-8B8D48B33957}.Debug|Any CPU.ActiveCfg = Debug|Any CPU
		{791DB284-EBBC-451B-86C1-8B8D48B33957}.Debug|Any CPU.Build.0 = Debug|Any CPU
		{791DB284-EBBC-451B-86C1-8B8D48B33957}.Release|Any CPU.ActiveCfg = Release|Any CPU
		{791DB284-EBBC-451B-86C1-8B8D48B33957}.Release|Any CPU.Build.0 = Release|Any CPU
		{982549ED-2EDD-4F51-A65B-9476F0A7101D}.Debug|Any CPU.ActiveCfg = Debug|Any CPU
		{982549ED-2EDD-4F51-A65B-9476F0A7101D}.Debug|Any CPU.Build.0 = Debug|Any CPU
		{982549ED-2EDD-4F51-A65B-9476F0A7101D}.Release|Any CPU.ActiveCfg = Release|Any CPU
		{982549ED-2EDD-4F51-A65B-9476F0A7101D}.Release|Any CPU.Build.0 = Release|Any CPU
		{90A2DE94-9B78-4D0A-AD2D-B83CB455BA4A}.Debug|Any CPU.ActiveCfg = Debug|Any CPU
		{90A2DE94-9B78-4D0A-AD2D-B83CB455BA4A}.Debug|Any CPU.Build.0 = Debug|Any CPU
		{90A2DE94-9B78-4D0A-AD2D-B83CB455BA4A}.Release|Any CPU.ActiveCfg = Release|Any CPU
		{90A2DE94-9B78-4D0A-AD2D-B83CB455BA4A}.Release|Any CPU.Build.0 = Release|Any CPU
		{233C99C0-76B5-4EB7-B1A0-504451303444}.Debug|Any CPU.ActiveCfg = Debug|Any CPU
		{233C99C0-76B5-4EB7-B1A0-504451303444}.Debug|Any CPU.Build.0 = Debug|Any CPU
		{233C99C0-76B5-4EB7-B1A0-504451303444}.Release|Any CPU.ActiveCfg = Release|Any CPU
		{233C99C0-76B5-4EB7-B1A0-504451303444}.Release|Any CPU.Build.0 = Release|Any CPU
		{9839CAE7-A0F5-409F-B233-7A5BCEED5BDA}.Debug|Any CPU.ActiveCfg = Debug|Any CPU
		{9839CAE7-A0F5-409F-B233-7A5BCEED5BDA}.Debug|Any CPU.Build.0 = Debug|Any CPU
		{9839CAE7-A0F5-409F-B233-7A5BCEED5BDA}.Release|Any CPU.ActiveCfg = Release|Any CPU
		{9839CAE7-A0F5-409F-B233-7A5BCEED5BDA}.Release|Any CPU.Build.0 = Release|Any CPU
		{586F18A1-169E-4786-AE31-4A28F0C4CE56}.Debug|Any CPU.ActiveCfg = Debug|Any CPU
		{586F18A1-169E-4786-AE31-4A28F0C4CE56}.Debug|Any CPU.Build.0 = Debug|Any CPU
		{586F18A1-169E-4786-AE31-4A28F0C4CE56}.Release|Any CPU.ActiveCfg = Release|Any CPU
		{586F18A1-169E-4786-AE31-4A28F0C4CE56}.Release|Any CPU.Build.0 = Release|Any CPU
	EndGlobalSection
	GlobalSection(SolutionProperties) = preSolution
		HideSolutionNode = FALSE
	EndGlobalSection
	GlobalSection(ExtensibilityGlobals) = postSolution
		SolutionGuid = {D561D978-41E4-4A0E-B3F3-449A9A621EA9}
	EndGlobalSection
EndGlobal
