
Microsoft Visual Studio Solution File, Format Version 12.00
# Visual Studio Version 17
VisualStudioVersion = 17.9.34723.18
MinimumVisualStudioVersion = 10.0.40219.1
Project("{9A19103F-16F7-4668-BE54-9A1E7A4F7556}") = "06. Code Tracker", "06. Code Tracker\06. Code Tracker.csproj", "{6B83AADC-0665-4940-9283-7AFC4A712FC5}"
EndProject
Project("{FAE04EC0-301F-11D3-BF4B-00C04F79EFBC}") = "05. Create Attribute", "05. Create Attribute\05. Create Attribute.csproj", "{617BA78E-D32D-4A76-B991-CCF943ED3DF4}"
EndProject
Global
	GlobalSection(SolutionConfigurationPlatforms) = preSolution
		Debug|Any CPU = Debug|Any CPU
		Release|Any CPU = Release|Any CPU
	EndGlobalSection
	GlobalSection(ProjectConfigurationPlatforms) = postSolution
		{6B83AADC-0665-4940-9283-7AFC4A712FC5}.Debug|Any CPU.ActiveCfg = Debug|Any CPU
		{6B83AADC-0665-4940-9283-7AFC4A712FC5}.Debug|Any CPU.Build.0 = Debug|Any CPU
		{6B83AADC-0665-4940-9283-7AFC4A712FC5}.Release|Any CPU.ActiveCfg = Release|Any CPU
		{6B83AADC-0665-4940-9283-7AFC4A712FC5}.Release|Any CPU.Build.0 = Release|Any CPU
		{617BA78E-D32D-4A76-B991-CCF943ED3DF4}.Debug|Any CPU.ActiveCfg = Debug|Any CPU
		{617BA78E-D32D-4A76-B991-CCF943ED3DF4}.Debug|Any CPU.Build.0 = Debug|Any CPU
		{617BA78E-D32D-4A76-B991-CCF943ED3DF4}.Release|Any CPU.ActiveCfg = Release|Any CPU
		{617BA78E-D32D-4A76-B991-CCF943ED3DF4}.Release|Any CPU.Build.0 = Release|Any CPU
	EndGlobalSection
	GlobalSection(SolutionProperties) = preSolution
		HideSolutionNode = FALSE
	EndGlobalSection
	GlobalSection(ExtensibilityGlobals) = postSolution
		SolutionGuid = {6FEBE253-1C0B-47BF-833E-9B5A18C928F7}
	EndGlobalSection
EndGlobal
